// !$*UTF8*$!
{
	archiveVersion = 1;
	classes = {
	};
	objectVersion = 46;
	objects = {

/* Begin PBXBuildFile section */
		34C566E6214C4AAA00479C22 /* AVFoundation.framework in Frameworks */ = {isa = PBXBuildFile; fileRef = 34C566E5214C4AAA00479C22 /* AVFoundation.framework */; };
		3A484741223AC736002E657B /* docs in Resources */ = {isa = PBXBuildFile; fileRef = 3A484740223AC736002E657B /* docs */; };
		3A7D41FE213F3CAD009618F5 /* ARLabOptions.m in Sources */ = {isa = PBXBuildFile; fileRef = 3A7D41FC213F3CAC009618F5 /* ARLabOptions.m */; };
		3ACAE7B922258EAD009C2236 /* ARAdminSentryBreadcrumbViewController.m in Sources */ = {isa = PBXBuildFile; fileRef = 3ACAE7B722258EAD009C2236 /* ARAdminSentryBreadcrumbViewController.m */; };
		402D55D24FAA1BC36FB4ED85 /* libPods-Emission.a in Frameworks */ = {isa = PBXBuildFile; fileRef = B53B6F10A80F64A976B9F221 /* libPods-Emission.a */; };
		510DCB121CCA69EC0075E8CB /* main.m in Sources */ = {isa = PBXBuildFile; fileRef = 510DCB111CCA69EC0075E8CB /* main.m */; };
		510DCB151CCA69EC0075E8CB /* AppDelegate.m in Sources */ = {isa = PBXBuildFile; fileRef = 510DCB141CCA69EC0075E8CB /* AppDelegate.m */; };
		510DCB1D1CCA69EC0075E8CB /* Assets.xcassets in Resources */ = {isa = PBXBuildFile; fileRef = 510DCB1C1CCA69EC0075E8CB /* Assets.xcassets */; };
		510DCB2B1CCA69EC0075E8CB /* OpaqueImageViewComponentTests.m in Sources */ = {isa = PBXBuildFile; fileRef = 510DCB2A1CCA69EC0075E8CB /* OpaqueImageViewComponentTests.m */; };
		510DCB361CCA69EC0075E8CB /* EmissionUITests.m in Sources */ = {isa = PBXBuildFile; fileRef = 510DCB351CCA69EC0075E8CB /* EmissionUITests.m */; };
		510E94FD1CCA828900BDF098 /* LaunchScreen.xib in Resources */ = {isa = PBXBuildFile; fileRef = 510E94FB1CCA828900BDF098 /* LaunchScreen.xib */; };
		510E95141CCEB84F00BDF098 /* TestHelper.m in Sources */ = {isa = PBXBuildFile; fileRef = 510E95131CCEB84F00BDF098 /* TestHelper.m */; };
		515687BE2079A300002F365C /* ARAdminPreloadTableViewCell.m in Sources */ = {isa = PBXBuildFile; fileRef = 515687BD2079A300002F365C /* ARAdminPreloadTableViewCell.m */; };
		515926A8206BA0C000048C74 /* complete.queryMap.json in Resources */ = {isa = PBXBuildFile; fileRef = 515926A7206BA0C000048C74 /* complete.queryMap.json */; };
		515926AE206CF8BA00048C74 /* UITabBarDownloadsTemplate@2x.png in Resources */ = {isa = PBXBuildFile; fileRef = 515926AD206CF8B900048C74 /* UITabBarDownloadsTemplate@2x.png */; };
		51F3E9A41CF3B8A4004A2013 /* EigenLikeNavigationController.m in Sources */ = {isa = PBXBuildFile; fileRef = 51F3E9A31CF3B8A4004A2013 /* EigenLikeNavigationController.m */; };
		5E09C96B21E7B46B00207812 /* RCTTestModule.m in Sources */ = {isa = PBXBuildFile; fileRef = 5E09C96621E7B46B00207812 /* RCTTestModule.m */; };
		5E09C96C21E7B46B00207812 /* RCTSnapshotManager.m in Sources */ = {isa = PBXBuildFile; fileRef = 5E09C96921E7B46B00207812 /* RCTSnapshotManager.m */; };
		5E09C96D21E7B46B00207812 /* RCTTestRunner.m in Sources */ = {isa = PBXBuildFile; fileRef = 5E09C96A21E7B46B00207812 /* RCTTestRunner.m */; };
		6011C23B1DAF5DD900CE54E5 /* ARRootViewController.m in Sources */ = {isa = PBXBuildFile; fileRef = 6011C23A1DAF5DD900CE54E5 /* ARRootViewController.m */; };
		6011C2451DAF61AF00CE54E5 /* ARAdminTableViewCell.m in Sources */ = {isa = PBXBuildFile; fileRef = 6011C23E1DAF61AF00CE54E5 /* ARAdminTableViewCell.m */; };
		6011C2461DAF61AF00CE54E5 /* ARTickedTableViewCell.m in Sources */ = {isa = PBXBuildFile; fileRef = 6011C2401DAF61AF00CE54E5 /* ARTickedTableViewCell.m */; };
		6011C2471DAF61AF00CE54E5 /* ARAnimatedTickView.m in Sources */ = {isa = PBXBuildFile; fileRef = 6011C2421DAF61AF00CE54E5 /* ARAnimatedTickView.m */; };
		6011C24B1DAF63C000CE54E5 /* ARDefaults.m in Sources */ = {isa = PBXBuildFile; fileRef = 6011C24A1DAF63C000CE54E5 /* ARDefaults.m */; };
		6011C24E1DAF697B00CE54E5 /* EigenLikeAdminViewController.m in Sources */ = {isa = PBXBuildFile; fileRef = 6011C24D1DAF697B00CE54E5 /* EigenLikeAdminViewController.m */; };
		6011C2511DAF7B6D00CE54E5 /* UnroutedViewController.m in Sources */ = {isa = PBXBuildFile; fileRef = 6011C2501DAF7B6D00CE54E5 /* UnroutedViewController.m */; };
		6011C2561DAF835900CE54E5 /* logo@2x.png in Resources */ = {isa = PBXBuildFile; fileRef = 6011C2551DAF835900CE54E5 /* logo@2x.png */; };
		60218E2920168D4E00A6C66B /* ARTopMenuViewController.m in Sources */ = {isa = PBXBuildFile; fileRef = 60218E2820168D4E00A6C66B /* ARTopMenuViewController.m */; };
		608A60D61F75614700B6EF83 /* AppSetup.m in Sources */ = {isa = PBXBuildFile; fileRef = 608A60D51F75614700B6EF83 /* AppSetup.m */; };
		608C6DBB1FA263290044E235 /* CommitNetworkModel.m in Sources */ = {isa = PBXBuildFile; fileRef = 608C6DBA1FA263290044E235 /* CommitNetworkModel.m */; };
		60A1A77E1DA3A23C005E3357 /* BackArrow@2x.png in Resources */ = {isa = PBXBuildFile; fileRef = 60A1A77B1DA3A23C005E3357 /* BackArrow@2x.png */; };
		60A1A77F1DA3A23C005E3357 /* BackArrow_Highlighted@2x.png in Resources */ = {isa = PBXBuildFile; fileRef = 60A1A77C1DA3A23C005E3357 /* BackArrow_Highlighted@2x.png */; };
		60A1A7801DA3A23C005E3357 /* BackArrowBlack@2x.png in Resources */ = {isa = PBXBuildFile; fileRef = 60A1A77D1DA3A23C005E3357 /* BackArrowBlack@2x.png */; };
		60AE1D801EE7DF9C00FC800A /* PRNetworkModel.m in Sources */ = {isa = PBXBuildFile; fileRef = 60AE1D7F1EE7DF9C00FC800A /* PRNetworkModel.m */; };
		60AEE7A01ECC6237008058E3 /* NSDateFormatter+TimeAgo.m in Sources */ = {isa = PBXBuildFile; fileRef = 60AEE79F1ECC6237008058E3 /* NSDateFormatter+TimeAgo.m */; };
		60B743B71D3EB12600E6B2A3 /* ARStorybookComponentViewController.m in Sources */ = {isa = PBXBuildFile; fileRef = 60B743B61D3EB12600E6B2A3 /* ARStorybookComponentViewController.m */; };
		60DA49A81EE7CF70001FE871 /* ARRootViewController+PRs.m in Sources */ = {isa = PBXBuildFile; fileRef = 60DA49A71EE7CF70001FE871 /* ARRootViewController+PRs.m */; };
		60DA49AB1EE7D219001FE871 /* EmissionPRChooseViewController.m in Sources */ = {isa = PBXBuildFile; fileRef = 60DA49AA1EE7D219001FE871 /* EmissionPRChooseViewController.m */; };
		60E4ABF71EE7D85000E8C3B1 /* LoadingSpinner.m in Sources */ = {isa = PBXBuildFile; fileRef = 60E4ABF61EE7D85000E8C3B1 /* LoadingSpinner.m */; };
		60EDA5731F4B2944007A6100 /* InternalWebViewController.m in Sources */ = {isa = PBXBuildFile; fileRef = 60EDA5721F4B2944007A6100 /* InternalWebViewController.m */; };
		60F61A8B1DAF982B00A72101 /* AuthenticationManager.m in Sources */ = {isa = PBXBuildFile; fileRef = 60F61A8A1DAF982B00A72101 /* AuthenticationManager.m */; };
		7F4FEE4321A36F7F00B8766A /* Back@2x.png in Resources */ = {isa = PBXBuildFile; fileRef = 7F4FEE4021A36F7E00B8766A /* Back@2x.png */; };
		7F4FEE4421A36F7F00B8766A /* Back.png in Resources */ = {isa = PBXBuildFile; fileRef = 7F4FEE4121A36F7E00B8766A /* Back.png */; };
		7F4FEE4521A36F7F00B8766A /* Back@3x.png in Resources */ = {isa = PBXBuildFile; fileRef = 7F4FEE4221A36F7F00B8766A /* Back@3x.png */; };
		7F6D717721CAA82D001BC122 /* Placeholder.swift in Sources */ = {isa = PBXBuildFile; fileRef = 7F6D717621CAA82D001BC122 /* Placeholder.swift */; };
		DC0E8A345456472B4B0828A5 /* libPods-EmissionTests.a in Frameworks */ = {isa = PBXBuildFile; fileRef = C4F07E47A447A6BE9EE66978 /* libPods-EmissionTests.a */; };
/* End PBXBuildFile section */

/* Begin PBXContainerItemProxy section */
		510DCB271CCA69EC0075E8CB /* PBXContainerItemProxy */ = {
			isa = PBXContainerItemProxy;
			containerPortal = 607FACC81AFB9204008FA782 /* Project object */;
			proxyType = 1;
			remoteGlobalIDString = 510DCB0D1CCA69EC0075E8CB;
			remoteInfo = Emission;
		};
		510DCB321CCA69EC0075E8CB /* PBXContainerItemProxy */ = {
			isa = PBXContainerItemProxy;
			containerPortal = 607FACC81AFB9204008FA782 /* Project object */;
			proxyType = 1;
			remoteGlobalIDString = 510DCB0D1CCA69EC0075E8CB;
			remoteInfo = Emission;
		};
/* End PBXContainerItemProxy section */

/* Begin PBXFileReference section */
		02E9860078C8122DA3D55F0F /* Pods-Emission.debug.xcconfig */ = {isa = PBXFileReference; includeInIndex = 1; lastKnownFileType = text.xcconfig; name = "Pods-Emission.debug.xcconfig"; path = "Pods/Target Support Files/Pods-Emission/Pods-Emission.debug.xcconfig"; sourceTree = "<group>"; };
		163341760E6AD3C2BD2501B6 /* Pods-Emission.deploy.xcconfig */ = {isa = PBXFileReference; includeInIndex = 1; lastKnownFileType = text.xcconfig; name = "Pods-Emission.deploy.xcconfig"; path = "Pods/Target Support Files/Pods-Emission/Pods-Emission.deploy.xcconfig"; sourceTree = "<group>"; };
		17DDC2B5E27740D462B9B1E4 /* Pods-EmissionTests.debug.xcconfig */ = {isa = PBXFileReference; includeInIndex = 1; lastKnownFileType = text.xcconfig; name = "Pods-EmissionTests.debug.xcconfig"; path = "Pods/Target Support Files/Pods-EmissionTests/Pods-EmissionTests.debug.xcconfig"; sourceTree = "<group>"; };
		34C566E5214C4AAA00479C22 /* AVFoundation.framework */ = {isa = PBXFileReference; lastKnownFileType = wrapper.framework; name = AVFoundation.framework; path = System/Library/Frameworks/AVFoundation.framework; sourceTree = SDKROOT; };
		3A484740223AC736002E657B /* docs */ = {isa = PBXFileReference; lastKnownFileType = folder; name = docs; path = ../docs; sourceTree = "<group>"; };
		3A7D41FC213F3CAC009618F5 /* ARLabOptions.m */ = {isa = PBXFileReference; fileEncoding = 4; lastKnownFileType = sourcecode.c.objc; path = ARLabOptions.m; sourceTree = "<group>"; };
		3A7D41FD213F3CAD009618F5 /* ARLabOptions.h */ = {isa = PBXFileReference; fileEncoding = 4; lastKnownFileType = sourcecode.c.h; path = ARLabOptions.h; sourceTree = "<group>"; };
		3ACAE7B722258EAD009C2236 /* ARAdminSentryBreadcrumbViewController.m */ = {isa = PBXFileReference; lastKnownFileType = sourcecode.c.objc; path = ARAdminSentryBreadcrumbViewController.m; sourceTree = "<group>"; };
		3ACAE7B822258EAD009C2236 /* ARAdminSentryBreadcrumbViewController.h */ = {isa = PBXFileReference; lastKnownFileType = sourcecode.c.h; path = ARAdminSentryBreadcrumbViewController.h; sourceTree = "<group>"; };
		3CA8129D4B3357E4EDA54CF0 /* README.md */ = {isa = PBXFileReference; includeInIndex = 1; lastKnownFileType = net.daringfireball.markdown; name = README.md; path = ../README.md; sourceTree = "<group>"; };
		510DCB0E1CCA69EC0075E8CB /* Emission.app */ = {isa = PBXFileReference; explicitFileType = wrapper.application; includeInIndex = 0; path = Emission.app; sourceTree = BUILT_PRODUCTS_DIR; };
		510DCB111CCA69EC0075E8CB /* main.m */ = {isa = PBXFileReference; lastKnownFileType = sourcecode.c.objc; path = main.m; sourceTree = "<group>"; };
		510DCB131CCA69EC0075E8CB /* AppDelegate.h */ = {isa = PBXFileReference; lastKnownFileType = sourcecode.c.h; path = AppDelegate.h; sourceTree = "<group>"; };
		510DCB141CCA69EC0075E8CB /* AppDelegate.m */ = {isa = PBXFileReference; lastKnownFileType = sourcecode.c.objc; path = AppDelegate.m; sourceTree = "<group>"; };
		510DCB1C1CCA69EC0075E8CB /* Assets.xcassets */ = {isa = PBXFileReference; lastKnownFileType = folder.assetcatalog; path = Assets.xcassets; sourceTree = "<group>"; };
		510DCB211CCA69EC0075E8CB /* Info.plist */ = {isa = PBXFileReference; lastKnownFileType = text.plist.xml; path = Info.plist; sourceTree = "<group>"; };
		510DCB261CCA69EC0075E8CB /* EmissionTests.xctest */ = {isa = PBXFileReference; explicitFileType = wrapper.cfbundle; includeInIndex = 0; path = EmissionTests.xctest; sourceTree = BUILT_PRODUCTS_DIR; };
		510DCB2A1CCA69EC0075E8CB /* OpaqueImageViewComponentTests.m */ = {isa = PBXFileReference; lastKnownFileType = sourcecode.c.objc; path = OpaqueImageViewComponentTests.m; sourceTree = "<group>"; };
		510DCB2C1CCA69EC0075E8CB /* Info.plist */ = {isa = PBXFileReference; lastKnownFileType = text.plist.xml; path = Info.plist; sourceTree = "<group>"; };
		510DCB311CCA69EC0075E8CB /* EmissionUITests.xctest */ = {isa = PBXFileReference; explicitFileType = wrapper.cfbundle; includeInIndex = 0; path = EmissionUITests.xctest; sourceTree = BUILT_PRODUCTS_DIR; };
		510DCB351CCA69EC0075E8CB /* EmissionUITests.m */ = {isa = PBXFileReference; lastKnownFileType = sourcecode.c.objc; path = EmissionUITests.m; sourceTree = "<group>"; };
		510DCB371CCA69ED0075E8CB /* Info.plist */ = {isa = PBXFileReference; lastKnownFileType = text.plist.xml; path = Info.plist; sourceTree = "<group>"; };
		510E94FC1CCA828900BDF098 /* Base */ = {isa = PBXFileReference; lastKnownFileType = file.xib; name = Base; path = Base.lproj/LaunchScreen.xib; sourceTree = "<group>"; };
		510E95131CCEB84F00BDF098 /* TestHelper.m */ = {isa = PBXFileReference; fileEncoding = 4; lastKnownFileType = sourcecode.c.objc; path = TestHelper.m; sourceTree = "<group>"; };
		510E95151CCEC22C00BDF098 /* TestHelper.h */ = {isa = PBXFileReference; lastKnownFileType = sourcecode.c.h; path = TestHelper.h; sourceTree = "<group>"; };
		515687BC2079A300002F365C /* ARAdminPreloadTableViewCell.h */ = {isa = PBXFileReference; lastKnownFileType = sourcecode.c.h; path = ARAdminPreloadTableViewCell.h; sourceTree = "<group>"; };
		515687BD2079A300002F365C /* ARAdminPreloadTableViewCell.m */ = {isa = PBXFileReference; lastKnownFileType = sourcecode.c.objc; path = ARAdminPreloadTableViewCell.m; sourceTree = "<group>"; };
		515926A7206BA0C000048C74 /* complete.queryMap.json */ = {isa = PBXFileReference; fileEncoding = 4; lastKnownFileType = text.json; name = complete.queryMap.json; path = ../../data/complete.queryMap.json; sourceTree = "<group>"; };
		515926AD206CF8B900048C74 /* UITabBarDownloadsTemplate@2x.png */ = {isa = PBXFileReference; lastKnownFileType = image.png; path = "UITabBarDownloadsTemplate@2x.png"; sourceTree = "<group>"; };
		51F3E9A21CF3B8A4004A2013 /* EigenLikeNavigationController.h */ = {isa = PBXFileReference; fileEncoding = 4; lastKnownFileType = sourcecode.c.h; path = EigenLikeNavigationController.h; sourceTree = "<group>"; };
		51F3E9A31CF3B8A4004A2013 /* EigenLikeNavigationController.m */ = {isa = PBXFileReference; fileEncoding = 4; lastKnownFileType = sourcecode.c.objc; path = EigenLikeNavigationController.m; sourceTree = "<group>"; };
		5D75FFB0E282ED7DB0B9141E /* Pods-EmissionTests.deploy.xcconfig */ = {isa = PBXFileReference; includeInIndex = 1; lastKnownFileType = text.xcconfig; name = "Pods-EmissionTests.deploy.xcconfig"; path = "Pods/Target Support Files/Pods-EmissionTests/Pods-EmissionTests.deploy.xcconfig"; sourceTree = "<group>"; };
		5E09C96521E7B46B00207812 /* RCTSnapshotManager.h */ = {isa = PBXFileReference; fileEncoding = 4; lastKnownFileType = sourcecode.c.h; path = RCTSnapshotManager.h; sourceTree = "<group>"; };
		5E09C96621E7B46B00207812 /* RCTTestModule.m */ = {isa = PBXFileReference; fileEncoding = 4; lastKnownFileType = sourcecode.c.objc; path = RCTTestModule.m; sourceTree = "<group>"; };
		5E09C96721E7B46B00207812 /* RCTTestModule.h */ = {isa = PBXFileReference; fileEncoding = 4; lastKnownFileType = sourcecode.c.h; path = RCTTestModule.h; sourceTree = "<group>"; };
		5E09C96821E7B46B00207812 /* RCTTestRunner.h */ = {isa = PBXFileReference; fileEncoding = 4; lastKnownFileType = sourcecode.c.h; path = RCTTestRunner.h; sourceTree = "<group>"; };
		5E09C96921E7B46B00207812 /* RCTSnapshotManager.m */ = {isa = PBXFileReference; fileEncoding = 4; lastKnownFileType = sourcecode.c.objc; path = RCTSnapshotManager.m; sourceTree = "<group>"; };
		5E09C96A21E7B46B00207812 /* RCTTestRunner.m */ = {isa = PBXFileReference; fileEncoding = 4; lastKnownFileType = sourcecode.c.objc; path = RCTTestRunner.m; sourceTree = "<group>"; };
		6011C2391DAF5DD900CE54E5 /* ARRootViewController.h */ = {isa = PBXFileReference; fileEncoding = 4; lastKnownFileType = sourcecode.c.h; path = ARRootViewController.h; sourceTree = "<group>"; };
		6011C23A1DAF5DD900CE54E5 /* ARRootViewController.m */ = {isa = PBXFileReference; fileEncoding = 4; lastKnownFileType = sourcecode.c.objc; path = ARRootViewController.m; sourceTree = "<group>"; };
		6011C23D1DAF61AF00CE54E5 /* ARAdminTableViewCell.h */ = {isa = PBXFileReference; fileEncoding = 4; lastKnownFileType = sourcecode.c.h; path = ARAdminTableViewCell.h; sourceTree = "<group>"; };
		6011C23E1DAF61AF00CE54E5 /* ARAdminTableViewCell.m */ = {isa = PBXFileReference; fileEncoding = 4; lastKnownFileType = sourcecode.c.objc; path = ARAdminTableViewCell.m; sourceTree = "<group>"; };
		6011C23F1DAF61AF00CE54E5 /* ARTickedTableViewCell.h */ = {isa = PBXFileReference; fileEncoding = 4; lastKnownFileType = sourcecode.c.h; path = ARTickedTableViewCell.h; sourceTree = "<group>"; };
		6011C2401DAF61AF00CE54E5 /* ARTickedTableViewCell.m */ = {isa = PBXFileReference; fileEncoding = 4; lastKnownFileType = sourcecode.c.objc; path = ARTickedTableViewCell.m; sourceTree = "<group>"; };
		6011C2411DAF61AF00CE54E5 /* ARAnimatedTickView.h */ = {isa = PBXFileReference; fileEncoding = 4; lastKnownFileType = sourcecode.c.h; path = ARAnimatedTickView.h; sourceTree = "<group>"; };
		6011C2421DAF61AF00CE54E5 /* ARAnimatedTickView.m */ = {isa = PBXFileReference; fileEncoding = 4; lastKnownFileType = sourcecode.c.objc; path = ARAnimatedTickView.m; sourceTree = "<group>"; };
		6011C2491DAF63C000CE54E5 /* ARDefaults.h */ = {isa = PBXFileReference; fileEncoding = 4; lastKnownFileType = sourcecode.c.h; path = ARDefaults.h; sourceTree = "<group>"; };
		6011C24A1DAF63C000CE54E5 /* ARDefaults.m */ = {isa = PBXFileReference; fileEncoding = 4; lastKnownFileType = sourcecode.c.objc; path = ARDefaults.m; sourceTree = "<group>"; };
		6011C24C1DAF697B00CE54E5 /* EigenLikeAdminViewController.h */ = {isa = PBXFileReference; fileEncoding = 4; lastKnownFileType = sourcecode.c.h; path = EigenLikeAdminViewController.h; sourceTree = "<group>"; };
		6011C24D1DAF697B00CE54E5 /* EigenLikeAdminViewController.m */ = {isa = PBXFileReference; fileEncoding = 4; lastKnownFileType = sourcecode.c.objc; path = EigenLikeAdminViewController.m; sourceTree = "<group>"; };
		6011C24F1DAF7B6D00CE54E5 /* UnroutedViewController.h */ = {isa = PBXFileReference; fileEncoding = 4; lastKnownFileType = sourcecode.c.h; path = UnroutedViewController.h; sourceTree = "<group>"; };
		6011C2501DAF7B6D00CE54E5 /* UnroutedViewController.m */ = {isa = PBXFileReference; fileEncoding = 4; lastKnownFileType = sourcecode.c.objc; path = UnroutedViewController.m; sourceTree = "<group>"; };
		6011C2551DAF835900CE54E5 /* logo@2x.png */ = {isa = PBXFileReference; lastKnownFileType = image.png; path = "logo@2x.png"; sourceTree = "<group>"; };
		60204ADD1D9D590900204628 /* Emission.entitlements */ = {isa = PBXFileReference; lastKnownFileType = text.plist.entitlements; path = Emission.entitlements; sourceTree = "<group>"; };
		60218E2720168D4E00A6C66B /* ARTopMenuViewController.h */ = {isa = PBXFileReference; lastKnownFileType = sourcecode.c.h; path = ARTopMenuViewController.h; sourceTree = "<group>"; };
		60218E2820168D4E00A6C66B /* ARTopMenuViewController.m */ = {isa = PBXFileReference; lastKnownFileType = sourcecode.c.objc; path = ARTopMenuViewController.m; sourceTree = "<group>"; };
		607673A21ECC4C9F005848B5 /* XCTest.framework */ = {isa = PBXFileReference; lastKnownFileType = wrapper.framework; name = XCTest.framework; path = Platforms/iPhoneOS.platform/Developer/Library/Frameworks/XCTest.framework; sourceTree = DEVELOPER_DIR; };
		6077F28F1EE56723004F054D /* CHANGELOG.md */ = {isa = PBXFileReference; fileEncoding = 4; lastKnownFileType = net.daringfireball.markdown; name = CHANGELOG.md; path = ../CHANGELOG.md; sourceTree = "<group>"; };
		608A60D41F75614700B6EF83 /* AppSetup.h */ = {isa = PBXFileReference; lastKnownFileType = sourcecode.c.h; path = AppSetup.h; sourceTree = "<group>"; };
		608A60D51F75614700B6EF83 /* AppSetup.m */ = {isa = PBXFileReference; lastKnownFileType = sourcecode.c.objc; path = AppSetup.m; sourceTree = "<group>"; };
		608C6DB91FA263290044E235 /* CommitNetworkModel.h */ = {isa = PBXFileReference; lastKnownFileType = sourcecode.c.h; path = CommitNetworkModel.h; sourceTree = "<group>"; };
		608C6DBA1FA263290044E235 /* CommitNetworkModel.m */ = {isa = PBXFileReference; lastKnownFileType = sourcecode.c.objc; path = CommitNetworkModel.m; sourceTree = "<group>"; };
		60A1A77B1DA3A23C005E3357 /* BackArrow@2x.png */ = {isa = PBXFileReference; lastKnownFileType = image.png; path = "BackArrow@2x.png"; sourceTree = "<group>"; };
		60A1A77C1DA3A23C005E3357 /* BackArrow_Highlighted@2x.png */ = {isa = PBXFileReference; lastKnownFileType = image.png; path = "BackArrow_Highlighted@2x.png"; sourceTree = "<group>"; };
		60A1A77D1DA3A23C005E3357 /* BackArrowBlack@2x.png */ = {isa = PBXFileReference; lastKnownFileType = image.png; path = "BackArrowBlack@2x.png"; sourceTree = "<group>"; };
		60A1A7841DA3A879005E3357 /* ARMacros.h */ = {isa = PBXFileReference; lastKnownFileType = sourcecode.c.h; path = ARMacros.h; sourceTree = "<group>"; };
		60AE1D7E1EE7DF9C00FC800A /* PRNetworkModel.h */ = {isa = PBXFileReference; fileEncoding = 4; lastKnownFileType = sourcecode.c.h; path = PRNetworkModel.h; sourceTree = "<group>"; };
		60AE1D7F1EE7DF9C00FC800A /* PRNetworkModel.m */ = {isa = PBXFileReference; fileEncoding = 4; lastKnownFileType = sourcecode.c.objc; path = PRNetworkModel.m; sourceTree = "<group>"; };
		60AEE79E1ECC6237008058E3 /* NSDateFormatter+TimeAgo.h */ = {isa = PBXFileReference; fileEncoding = 4; lastKnownFileType = sourcecode.c.h; path = "NSDateFormatter+TimeAgo.h"; sourceTree = "<group>"; };
		60AEE79F1ECC6237008058E3 /* NSDateFormatter+TimeAgo.m */ = {isa = PBXFileReference; fileEncoding = 4; lastKnownFileType = sourcecode.c.objc; path = "NSDateFormatter+TimeAgo.m"; sourceTree = "<group>"; };
		60B743B51D3EB12600E6B2A3 /* ARStorybookComponentViewController.h */ = {isa = PBXFileReference; fileEncoding = 4; lastKnownFileType = sourcecode.c.h; path = ARStorybookComponentViewController.h; sourceTree = "<group>"; };
		60B743B61D3EB12600E6B2A3 /* ARStorybookComponentViewController.m */ = {isa = PBXFileReference; fileEncoding = 4; lastKnownFileType = sourcecode.c.objc; path = ARStorybookComponentViewController.m; sourceTree = "<group>"; };
		60DA49A61EE7CF70001FE871 /* ARRootViewController+PRs.h */ = {isa = PBXFileReference; fileEncoding = 4; lastKnownFileType = sourcecode.c.h; path = "ARRootViewController+PRs.h"; sourceTree = "<group>"; };
		60DA49A71EE7CF70001FE871 /* ARRootViewController+PRs.m */ = {isa = PBXFileReference; fileEncoding = 4; lastKnownFileType = sourcecode.c.objc; path = "ARRootViewController+PRs.m"; sourceTree = "<group>"; };
		60DA49A91EE7D219001FE871 /* EmissionPRChooseViewController.h */ = {isa = PBXFileReference; fileEncoding = 4; lastKnownFileType = sourcecode.c.h; path = EmissionPRChooseViewController.h; sourceTree = "<group>"; };
		60DA49AA1EE7D219001FE871 /* EmissionPRChooseViewController.m */ = {isa = PBXFileReference; fileEncoding = 4; lastKnownFileType = sourcecode.c.objc; path = EmissionPRChooseViewController.m; sourceTree = "<group>"; };
		60E4ABF51EE7D85000E8C3B1 /* LoadingSpinner.h */ = {isa = PBXFileReference; lastKnownFileType = sourcecode.c.h; path = LoadingSpinner.h; sourceTree = "<group>"; };
		60E4ABF61EE7D85000E8C3B1 /* LoadingSpinner.m */ = {isa = PBXFileReference; lastKnownFileType = sourcecode.c.objc; path = LoadingSpinner.m; sourceTree = "<group>"; };
		60EDA5711F4B2944007A6100 /* InternalWebViewController.h */ = {isa = PBXFileReference; lastKnownFileType = sourcecode.c.h; path = InternalWebViewController.h; sourceTree = "<group>"; };
		60EDA5721F4B2944007A6100 /* InternalWebViewController.m */ = {isa = PBXFileReference; lastKnownFileType = sourcecode.c.objc; path = InternalWebViewController.m; sourceTree = "<group>"; };
		60F61A891DAF982A00A72101 /* AuthenticationManager.h */ = {isa = PBXFileReference; fileEncoding = 4; lastKnownFileType = sourcecode.c.h; path = AuthenticationManager.h; sourceTree = "<group>"; };
		60F61A8A1DAF982B00A72101 /* AuthenticationManager.m */ = {isa = PBXFileReference; fileEncoding = 4; lastKnownFileType = sourcecode.c.objc; path = AuthenticationManager.m; sourceTree = "<group>"; };
		7F4FEE4021A36F7E00B8766A /* Back@2x.png */ = {isa = PBXFileReference; lastKnownFileType = image.png; path = "Back@2x.png"; sourceTree = "<group>"; };
		7F4FEE4121A36F7E00B8766A /* Back.png */ = {isa = PBXFileReference; lastKnownFileType = image.png; path = Back.png; sourceTree = "<group>"; };
		7F4FEE4221A36F7F00B8766A /* Back@3x.png */ = {isa = PBXFileReference; lastKnownFileType = image.png; path = "Back@3x.png"; sourceTree = "<group>"; };
		7F6D717621CAA82D001BC122 /* Placeholder.swift */ = {isa = PBXFileReference; lastKnownFileType = sourcecode.swift; path = Placeholder.swift; sourceTree = "<group>"; };
		9AB72C7CDF8351EF0ADB2E4D /* Pods-Emission.release.xcconfig */ = {isa = PBXFileReference; includeInIndex = 1; lastKnownFileType = text.xcconfig; name = "Pods-Emission.release.xcconfig"; path = "Pods/Target Support Files/Pods-Emission/Pods-Emission.release.xcconfig"; sourceTree = "<group>"; };
		B53B6F10A80F64A976B9F221 /* libPods-Emission.a */ = {isa = PBXFileReference; explicitFileType = archive.ar; includeInIndex = 0; path = "libPods-Emission.a"; sourceTree = BUILT_PRODUCTS_DIR; };
		BD6A42932C7B5D57AE022D1A /* Emission.podspec */ = {isa = PBXFileReference; includeInIndex = 1; lastKnownFileType = text; name = Emission.podspec; path = ../Emission.podspec; sourceTree = "<group>"; };
		C4F07E47A447A6BE9EE66978 /* libPods-EmissionTests.a */ = {isa = PBXFileReference; explicitFileType = archive.ar; includeInIndex = 0; path = "libPods-EmissionTests.a"; sourceTree = BUILT_PRODUCTS_DIR; };
		DB1BB078CB1708CE8106DA15 /* LICENSE */ = {isa = PBXFileReference; includeInIndex = 1; lastKnownFileType = text; name = LICENSE; path = ../LICENSE; sourceTree = "<group>"; };
		E347387A62A41620FEED9427 /* Pods-EmissionTests.release.xcconfig */ = {isa = PBXFileReference; includeInIndex = 1; lastKnownFileType = text.xcconfig; name = "Pods-EmissionTests.release.xcconfig"; path = "Pods/Target Support Files/Pods-EmissionTests/Pods-EmissionTests.release.xcconfig"; sourceTree = "<group>"; };
/* End PBXFileReference section */

/* Begin PBXFrameworksBuildPhase section */
		510DCB0B1CCA69EC0075E8CB /* Frameworks */ = {
			isa = PBXFrameworksBuildPhase;
			buildActionMask = 2147483647;
			files = (
				34C566E6214C4AAA00479C22 /* AVFoundation.framework in Frameworks */,
				402D55D24FAA1BC36FB4ED85 /* libPods-Emission.a in Frameworks */,
			);
			runOnlyForDeploymentPostprocessing = 0;
		};
		510DCB231CCA69EC0075E8CB /* Frameworks */ = {
			isa = PBXFrameworksBuildPhase;
			buildActionMask = 2147483647;
			files = (
				DC0E8A345456472B4B0828A5 /* libPods-EmissionTests.a in Frameworks */,
			);
			runOnlyForDeploymentPostprocessing = 0;
		};
		510DCB2E1CCA69EC0075E8CB /* Frameworks */ = {
			isa = PBXFrameworksBuildPhase;
			buildActionMask = 2147483647;
			files = (
			);
			runOnlyForDeploymentPostprocessing = 0;
		};
/* End PBXFrameworksBuildPhase section */

/* Begin PBXGroup section */
		510DCB0F1CCA69EC0075E8CB /* Emission */ = {
			isa = PBXGroup;
			children = (
				515926AC206CF8B900048C74 /* Resources */,
				60F61A881DAF849700A72101 /* App */,
				60AEE79D1ECC620F008058E3 /* Categories */,
				60F61A871DAF848E00A72101 /* View Controllers */,
				6011C2521DAF7EF600CE54E5 /* Launch */,
				6011C23C1DAF619700CE54E5 /* Admin Tableview Cells */,
				60D3D56D1D42532600A15671 /* Navigation */,
				60D3D56C1D42531200A15671 /* Storybooks */,
				510DCB101CCA69EC0075E8CB /* Supporting Files */,
			);
			path = Emission;
			sourceTree = "<group>";
		};
		510DCB101CCA69EC0075E8CB /* Supporting Files */ = {
			isa = PBXGroup;
			children = (
				60204ADD1D9D590900204628 /* Emission.entitlements */,
				510DCB1C1CCA69EC0075E8CB /* Assets.xcassets */,
				510DCB211CCA69EC0075E8CB /* Info.plist */,
				510DCB111CCA69EC0075E8CB /* main.m */,
			);
			name = "Supporting Files";
			sourceTree = "<group>";
		};
		510DCB291CCA69EC0075E8CB /* EmissionTests */ = {
			isa = PBXGroup;
			children = (
				5E09C95221E7A0D500207812 /* RCTTest */,
				510DCB2A1CCA69EC0075E8CB /* OpaqueImageViewComponentTests.m */,
				510DCB2C1CCA69EC0075E8CB /* Info.plist */,
				510E95151CCEC22C00BDF098 /* TestHelper.h */,
				510E95131CCEB84F00BDF098 /* TestHelper.m */,
			);
			path = EmissionTests;
			sourceTree = "<group>";
		};
		510DCB341CCA69EC0075E8CB /* EmissionUITests */ = {
			isa = PBXGroup;
			children = (
				510DCB351CCA69EC0075E8CB /* EmissionUITests.m */,
				510DCB371CCA69ED0075E8CB /* Info.plist */,
			);
			path = EmissionUITests;
			sourceTree = "<group>";
		};
		515926AC206CF8B900048C74 /* Resources */ = {
			isa = PBXGroup;
			children = (
				515926A7206BA0C000048C74 /* complete.queryMap.json */,
				515926AD206CF8B900048C74 /* UITabBarDownloadsTemplate@2x.png */,
			);
			path = Resources;
			sourceTree = SOURCE_ROOT;
		};
		5E09C95221E7A0D500207812 /* RCTTest */ = {
			isa = PBXGroup;
			children = (
				5E09C96521E7B46B00207812 /* RCTSnapshotManager.h */,
				5E09C96921E7B46B00207812 /* RCTSnapshotManager.m */,
				5E09C96721E7B46B00207812 /* RCTTestModule.h */,
				5E09C96621E7B46B00207812 /* RCTTestModule.m */,
				5E09C96821E7B46B00207812 /* RCTTestRunner.h */,
				5E09C96A21E7B46B00207812 /* RCTTestRunner.m */,
			);
			path = RCTTest;
			sourceTree = "<group>";
		};
		6011C23C1DAF619700CE54E5 /* Admin Tableview Cells */ = {
			isa = PBXGroup;
			children = (
				6011C23D1DAF61AF00CE54E5 /* ARAdminTableViewCell.h */,
				6011C23E1DAF61AF00CE54E5 /* ARAdminTableViewCell.m */,
				6011C23F1DAF61AF00CE54E5 /* ARTickedTableViewCell.h */,
				6011C2401DAF61AF00CE54E5 /* ARTickedTableViewCell.m */,
				6011C2411DAF61AF00CE54E5 /* ARAnimatedTickView.h */,
				6011C2421DAF61AF00CE54E5 /* ARAnimatedTickView.m */,
				6011C24C1DAF697B00CE54E5 /* EigenLikeAdminViewController.h */,
				6011C24D1DAF697B00CE54E5 /* EigenLikeAdminViewController.m */,
				515687BC2079A300002F365C /* ARAdminPreloadTableViewCell.h */,
				515687BD2079A300002F365C /* ARAdminPreloadTableViewCell.m */,
			);
			name = "Admin Tableview Cells";
			sourceTree = "<group>";
		};
		6011C2521DAF7EF600CE54E5 /* Launch */ = {
			isa = PBXGroup;
			children = (
				6011C2551DAF835900CE54E5 /* logo@2x.png */,
				510E94FB1CCA828900BDF098 /* LaunchScreen.xib */,
			);
			name = Launch;
			sourceTree = "<group>";
		};
		607FACC71AFB9204008FA782 = {
			isa = PBXGroup;
			children = (
				3A484740223AC736002E657B /* docs */,
				607FACF51AFB993E008FA782 /* Podspec Metadata */,
				510DCB0F1CCA69EC0075E8CB /* Emission */,
				510DCB291CCA69EC0075E8CB /* EmissionTests */,
				510DCB341CCA69EC0075E8CB /* EmissionUITests */,
				607FACD11AFB9204008FA782 /* Products */,
				A8456AA0E39F581C091B5C1D /* Frameworks */,
				BA58B07A6BE3C2C396F4F73F /* Pods */,
			);
			indentWidth = 2;
			sourceTree = "<group>";
			tabWidth = 2;
		};
		607FACD11AFB9204008FA782 /* Products */ = {
			isa = PBXGroup;
			children = (
				510DCB0E1CCA69EC0075E8CB /* Emission.app */,
				510DCB261CCA69EC0075E8CB /* EmissionTests.xctest */,
				510DCB311CCA69EC0075E8CB /* EmissionUITests.xctest */,
			);
			name = Products;
			sourceTree = "<group>";
		};
		607FACF51AFB993E008FA782 /* Podspec Metadata */ = {
			isa = PBXGroup;
			children = (
				6077F28F1EE56723004F054D /* CHANGELOG.md */,
				BD6A42932C7B5D57AE022D1A /* Emission.podspec */,
				3CA8129D4B3357E4EDA54CF0 /* README.md */,
				DB1BB078CB1708CE8106DA15 /* LICENSE */,
			);
			name = "Podspec Metadata";
			sourceTree = "<group>";
		};
		60A1A77A1DA3A230005E3357 /* Resources */ = {
			isa = PBXGroup;
			children = (
				60A1A77B1DA3A23C005E3357 /* BackArrow@2x.png */,
				60A1A77C1DA3A23C005E3357 /* BackArrow_Highlighted@2x.png */,
				60A1A77D1DA3A23C005E3357 /* BackArrowBlack@2x.png */,
				7F4FEE4121A36F7E00B8766A /* Back.png */,
				7F4FEE4021A36F7E00B8766A /* Back@2x.png */,
				7F4FEE4221A36F7F00B8766A /* Back@3x.png */,
			);
			name = Resources;
			sourceTree = "<group>";
		};
		60AEE79D1ECC620F008058E3 /* Categories */ = {
			isa = PBXGroup;
			children = (
				60AEE79E1ECC6237008058E3 /* NSDateFormatter+TimeAgo.h */,
				60AEE79F1ECC6237008058E3 /* NSDateFormatter+TimeAgo.m */,
			);
			name = Categories;
			sourceTree = "<group>";
		};
		60D3D56C1D42531200A15671 /* Storybooks */ = {
			isa = PBXGroup;
			children = (
				60B743B51D3EB12600E6B2A3 /* ARStorybookComponentViewController.h */,
				60B743B61D3EB12600E6B2A3 /* ARStorybookComponentViewController.m */,
			);
			name = Storybooks;
			sourceTree = "<group>";
		};
		60D3D56D1D42532600A15671 /* Navigation */ = {
			isa = PBXGroup;
			children = (
				60A1A77A1DA3A230005E3357 /* Resources */,
				51F3E9A21CF3B8A4004A2013 /* EigenLikeNavigationController.h */,
				51F3E9A31CF3B8A4004A2013 /* EigenLikeNavigationController.m */,
				60218E2720168D4E00A6C66B /* ARTopMenuViewController.h */,
				60218E2820168D4E00A6C66B /* ARTopMenuViewController.m */,
			);
			name = Navigation;
			sourceTree = "<group>";
		};
		60F61A871DAF848E00A72101 /* View Controllers */ = {
			isa = PBXGroup;
			children = (
				3ACAE7B822258EAD009C2236 /* ARAdminSentryBreadcrumbViewController.h */,
				3ACAE7B722258EAD009C2236 /* ARAdminSentryBreadcrumbViewController.m */,
				6011C2391DAF5DD900CE54E5 /* ARRootViewController.h */,
				6011C23A1DAF5DD900CE54E5 /* ARRootViewController.m */,
				60DA49A61EE7CF70001FE871 /* ARRootViewController+PRs.h */,
				60DA49A71EE7CF70001FE871 /* ARRootViewController+PRs.m */,
				6011C24F1DAF7B6D00CE54E5 /* UnroutedViewController.h */,
				6011C2501DAF7B6D00CE54E5 /* UnroutedViewController.m */,
				60DA49A91EE7D219001FE871 /* EmissionPRChooseViewController.h */,
				60DA49AA1EE7D219001FE871 /* EmissionPRChooseViewController.m */,
				60EDA5711F4B2944007A6100 /* InternalWebViewController.h */,
				60EDA5721F4B2944007A6100 /* InternalWebViewController.m */,
				7F6D717621CAA82D001BC122 /* Placeholder.swift */,
			);
			name = "View Controllers";
			sourceTree = "<group>";
		};
		60F61A881DAF849700A72101 /* App */ = {
			isa = PBXGroup;
			children = (
				510DCB131CCA69EC0075E8CB /* AppDelegate.h */,
				510DCB141CCA69EC0075E8CB /* AppDelegate.m */,
				608A60D41F75614700B6EF83 /* AppSetup.h */,
				608A60D51F75614700B6EF83 /* AppSetup.m */,
				6011C2491DAF63C000CE54E5 /* ARDefaults.h */,
				6011C24A1DAF63C000CE54E5 /* ARDefaults.m */,
				3A7D41FD213F3CAD009618F5 /* ARLabOptions.h */,
				3A7D41FC213F3CAC009618F5 /* ARLabOptions.m */,
				60A1A7841DA3A879005E3357 /* ARMacros.h */,
				60F61A891DAF982A00A72101 /* AuthenticationManager.h */,
				60F61A8A1DAF982B00A72101 /* AuthenticationManager.m */,
				608C6DB91FA263290044E235 /* CommitNetworkModel.h */,
				608C6DBA1FA263290044E235 /* CommitNetworkModel.m */,
				60E4ABF51EE7D85000E8C3B1 /* LoadingSpinner.h */,
				60E4ABF61EE7D85000E8C3B1 /* LoadingSpinner.m */,
				60AE1D7E1EE7DF9C00FC800A /* PRNetworkModel.h */,
				60AE1D7F1EE7DF9C00FC800A /* PRNetworkModel.m */,
			);
			name = App;
			sourceTree = "<group>";
		};
		A8456AA0E39F581C091B5C1D /* Frameworks */ = {
			isa = PBXGroup;
			children = (
				34C566E5214C4AAA00479C22 /* AVFoundation.framework */,
				607673A21ECC4C9F005848B5 /* XCTest.framework */,
				B53B6F10A80F64A976B9F221 /* libPods-Emission.a */,
				C4F07E47A447A6BE9EE66978 /* libPods-EmissionTests.a */,
			);
			name = Frameworks;
			sourceTree = "<group>";
		};
		BA58B07A6BE3C2C396F4F73F /* Pods */ = {
			isa = PBXGroup;
			children = (
				02E9860078C8122DA3D55F0F /* Pods-Emission.debug.xcconfig */,
				9AB72C7CDF8351EF0ADB2E4D /* Pods-Emission.release.xcconfig */,
				163341760E6AD3C2BD2501B6 /* Pods-Emission.deploy.xcconfig */,
				17DDC2B5E27740D462B9B1E4 /* Pods-EmissionTests.debug.xcconfig */,
				5D75FFB0E282ED7DB0B9141E /* Pods-EmissionTests.deploy.xcconfig */,
				E347387A62A41620FEED9427 /* Pods-EmissionTests.release.xcconfig */,
			);
			name = Pods;
			sourceTree = "<group>";
		};
/* End PBXGroup section */

/* Begin PBXNativeTarget section */
		510DCB0D1CCA69EC0075E8CB /* Emission */ = {
			isa = PBXNativeTarget;
			buildConfigurationList = 510DCB3E1CCA69ED0075E8CB /* Build configuration list for PBXNativeTarget "Emission" */;
			buildPhases = (
				6E41E6A6664172F7C45F3D36 /* [CP] Check Pods Manifest.lock */,
				510DCB0A1CCA69EC0075E8CB /* Sources */,
				510DCB0B1CCA69EC0075E8CB /* Frameworks */,
				513510561DAFBBB9007223BF /* Compile JS Bundle for Release */,
				5157C2E92018C82400DE6B07 /* Record Packager Host IP for Debug */,
				510DCB0C1CCA69EC0075E8CB /* Resources */,
				510E94FE1CCB87F100BDF098 /* Create Clang compilation DB */,
				3531E0CB4D0C66204FFF9D4A /* [CP] Copy Pods Resources */,
				3CB362FC55CDD77CDAA5F2C2 /* [CP] Embed Pods Frameworks */,
			);
			buildRules = (
			);
			dependencies = (
			);
			name = Emission;
			productName = Emission;
			productReference = 510DCB0E1CCA69EC0075E8CB /* Emission.app */;
			productType = "com.apple.product-type.application";
		};
		510DCB251CCA69EC0075E8CB /* EmissionTests */ = {
			isa = PBXNativeTarget;
			buildConfigurationList = 510DCB3F1CCA69ED0075E8CB /* Build configuration list for PBXNativeTarget "EmissionTests" */;
			buildPhases = (
				26CA73EDB939BB2466B1F25A /* [CP] Check Pods Manifest.lock */,
				510DCB221CCA69EC0075E8CB /* Sources */,
				510DCB231CCA69EC0075E8CB /* Frameworks */,
				510DCB241CCA69EC0075E8CB /* Resources */,
			);
			buildRules = (
			);
			dependencies = (
				510DCB281CCA69EC0075E8CB /* PBXTargetDependency */,
			);
			name = EmissionTests;
			productName = EmissionTests;
			productReference = 510DCB261CCA69EC0075E8CB /* EmissionTests.xctest */;
			productType = "com.apple.product-type.bundle.unit-test";
		};
		510DCB301CCA69EC0075E8CB /* EmissionUITests */ = {
			isa = PBXNativeTarget;
			buildConfigurationList = 510DCB401CCA69ED0075E8CB /* Build configuration list for PBXNativeTarget "EmissionUITests" */;
			buildPhases = (
				510DCB2D1CCA69EC0075E8CB /* Sources */,
				510DCB2E1CCA69EC0075E8CB /* Frameworks */,
				510DCB2F1CCA69EC0075E8CB /* Resources */,
			);
			buildRules = (
			);
			dependencies = (
				510DCB331CCA69EC0075E8CB /* PBXTargetDependency */,
			);
			name = EmissionUITests;
			productName = EmissionUITests;
			productReference = 510DCB311CCA69EC0075E8CB /* EmissionUITests.xctest */;
			productType = "com.apple.product-type.bundle.ui-testing";
		};
/* End PBXNativeTarget section */

/* Begin PBXProject section */
		607FACC81AFB9204008FA782 /* Project object */ = {
			isa = PBXProject;
			attributes = {
				LastSwiftUpdateCheck = 0720;
				LastUpgradeCheck = 1020;
				ORGANIZATIONNAME = CocoaPods;
				TargetAttributes = {
					510DCB0D1CCA69EC0075E8CB = {
						CreatedOnToolsVersion = 7.2.1;
						DevelopmentTeam = 23KMWZ572J;
						LastSwiftMigration = 1020;
						ProvisioningStyle = Automatic;
						SystemCapabilities = {
							com.apple.BackgroundModes = {
								enabled = 1;
							};
							com.apple.Keychain = {
								enabled = 1;
							};
							com.apple.SafariKeychain = {
								enabled = 1;
							};
						};
					};
					510DCB251CCA69EC0075E8CB = {
						CreatedOnToolsVersion = 7.2.1;
						LastSwiftMigration = 1010;
						TestTargetID = 510DCB0D1CCA69EC0075E8CB;
					};
					510DCB301CCA69EC0075E8CB = {
						CreatedOnToolsVersion = 7.2.1;
						TestTargetID = 510DCB0D1CCA69EC0075E8CB;
					};
				};
			};
			buildConfigurationList = 607FACCB1AFB9204008FA782 /* Build configuration list for PBXProject "Emission" */;
			compatibilityVersion = "Xcode 3.2";
			developmentRegion = English;
			hasScannedForEncodings = 0;
			knownRegions = (
				English,
				en,
				Base,
			);
			mainGroup = 607FACC71AFB9204008FA782;
			productRefGroup = 607FACD11AFB9204008FA782 /* Products */;
			projectDirPath = "";
			projectRoot = "";
			targets = (
				510DCB0D1CCA69EC0075E8CB /* Emission */,
				510DCB251CCA69EC0075E8CB /* EmissionTests */,
				510DCB301CCA69EC0075E8CB /* EmissionUITests */,
			);
		};
/* End PBXProject section */

/* Begin PBXResourcesBuildPhase section */
		510DCB0C1CCA69EC0075E8CB /* Resources */ = {
			isa = PBXResourcesBuildPhase;
			buildActionMask = 2147483647;
			files = (
				510E94FD1CCA828900BDF098 /* LaunchScreen.xib in Resources */,
				6011C2561DAF835900CE54E5 /* logo@2x.png in Resources */,
				7F4FEE4421A36F7F00B8766A /* Back.png in Resources */,
				515926A8206BA0C000048C74 /* complete.queryMap.json in Resources */,
				60A1A77F1DA3A23C005E3357 /* BackArrow_Highlighted@2x.png in Resources */,
				515926AE206CF8BA00048C74 /* UITabBarDownloadsTemplate@2x.png in Resources */,
				60A1A7801DA3A23C005E3357 /* BackArrowBlack@2x.png in Resources */,
				510DCB1D1CCA69EC0075E8CB /* Assets.xcassets in Resources */,
				7F4FEE4321A36F7F00B8766A /* Back@2x.png in Resources */,
				3A484741223AC736002E657B /* docs in Resources */,
				7F4FEE4521A36F7F00B8766A /* Back@3x.png in Resources */,
				60A1A77E1DA3A23C005E3357 /* BackArrow@2x.png in Resources */,
			);
			runOnlyForDeploymentPostprocessing = 0;
		};
		510DCB241CCA69EC0075E8CB /* Resources */ = {
			isa = PBXResourcesBuildPhase;
			buildActionMask = 2147483647;
			files = (
			);
			runOnlyForDeploymentPostprocessing = 0;
		};
		510DCB2F1CCA69EC0075E8CB /* Resources */ = {
			isa = PBXResourcesBuildPhase;
			buildActionMask = 2147483647;
			files = (
			);
			runOnlyForDeploymentPostprocessing = 0;
		};
/* End PBXResourcesBuildPhase section */

/* Begin PBXShellScriptBuildPhase section */
		26CA73EDB939BB2466B1F25A /* [CP] Check Pods Manifest.lock */ = {
			isa = PBXShellScriptBuildPhase;
			buildActionMask = 2147483647;
			files = (
			);
			inputFileListPaths = (
			);
			inputPaths = (
				"${PODS_PODFILE_DIR_PATH}/Podfile.lock",
				"${PODS_ROOT}/Manifest.lock",
			);
			name = "[CP] Check Pods Manifest.lock";
			outputFileListPaths = (
			);
			outputPaths = (
				"$(DERIVED_FILE_DIR)/Pods-EmissionTests-checkManifestLockResult.txt",
			);
			runOnlyForDeploymentPostprocessing = 0;
			shellPath = /bin/sh;
			shellScript = "diff \"${PODS_PODFILE_DIR_PATH}/Podfile.lock\" \"${PODS_ROOT}/Manifest.lock\" > /dev/null\nif [ $? != 0 ] ; then\n    # print error to STDERR\n    echo \"error: The sandbox is not in sync with the Podfile.lock. Run 'pod install' or update your CocoaPods installation.\" >&2\n    exit 1\nfi\n# This output is used by Xcode 'outputs' to avoid re-running this script phase.\necho \"SUCCESS\" > \"${SCRIPT_OUTPUT_FILE_0}\"\n";
			showEnvVarsInLog = 0;
		};
		3531E0CB4D0C66204FFF9D4A /* [CP] Copy Pods Resources */ = {
			isa = PBXShellScriptBuildPhase;
			buildActionMask = 2147483647;
			files = (
			);
			inputPaths = (
				"${PODS_ROOT}/Target Support Files/Pods-Emission/Pods-Emission-resources.sh",
				"${PODS_ROOT}/Artsy+UIFonts/Pod/Assets/AGaramondPro-Bold.otf",
				"${PODS_ROOT}/Artsy+UIFonts/Pod/Assets/AGaramondPro-BoldItalic.otf",
				"${PODS_ROOT}/Artsy+UIFonts/Pod/Assets/AGaramondPro-Italic.otf",
				"${PODS_ROOT}/Artsy+UIFonts/Pod/Assets/AGaramondPro-Regular.otf",
				"${PODS_ROOT}/Artsy+UIFonts/Pod/Assets/AGaramondPro-Semibold.otf",
				"${PODS_ROOT}/Artsy+UIFonts/Pod/Assets/AVG65lig.otf",
				"${PODS_ROOT}/Artsy+UIFonts/Pod/Assets/ReactNativeAGaramondPro-Italic.otf",
				"${PODS_ROOT}/Artsy+UIFonts/Pod/Assets/ReactNativeAGaramondPro-Regular.otf",
				"${PODS_ROOT}/Artsy+UIFonts/Pod/Assets/ReactNativeAGaramondPro-Semibold.otf",
				"${PODS_ROOT}/Artsy+UIFonts/Pod/Assets/Unica77LL-Italic.otf",
				"${PODS_ROOT}/Artsy+UIFonts/Pod/Assets/Unica77LL-Medium.otf",
				"${PODS_ROOT}/Artsy+UIFonts/Pod/Assets/Unica77LL-MediumItalic.otf",
				"${PODS_ROOT}/Artsy+UIFonts/Pod/Assets/Unica77LL-Regular.otf",
				"${PODS_ROOT}/../../Pod/Assets/Emission.js",
				"${PODS_ROOT}/../../Pod/Assets/assets",
				"${PODS_ROOT}/Extraction/Extraction/Assets/ARLoadFailureRetryIcon@2x.png",
				"${PODS_ROOT}/SAMKeychain/Support/SAMKeychain.bundle",
				"${PODS_CONFIGURATION_BUILD_DIR}/Stripe/Stripe.bundle",
			);
			name = "[CP] Copy Pods Resources";
			outputPaths = (
				"${TARGET_BUILD_DIR}/${UNLOCALIZED_RESOURCES_FOLDER_PATH}/AGaramondPro-Bold.otf",
				"${TARGET_BUILD_DIR}/${UNLOCALIZED_RESOURCES_FOLDER_PATH}/AGaramondPro-BoldItalic.otf",
				"${TARGET_BUILD_DIR}/${UNLOCALIZED_RESOURCES_FOLDER_PATH}/AGaramondPro-Italic.otf",
				"${TARGET_BUILD_DIR}/${UNLOCALIZED_RESOURCES_FOLDER_PATH}/AGaramondPro-Regular.otf",
				"${TARGET_BUILD_DIR}/${UNLOCALIZED_RESOURCES_FOLDER_PATH}/AGaramondPro-Semibold.otf",
				"${TARGET_BUILD_DIR}/${UNLOCALIZED_RESOURCES_FOLDER_PATH}/AVG65lig.otf",
				"${TARGET_BUILD_DIR}/${UNLOCALIZED_RESOURCES_FOLDER_PATH}/ReactNativeAGaramondPro-Italic.otf",
				"${TARGET_BUILD_DIR}/${UNLOCALIZED_RESOURCES_FOLDER_PATH}/ReactNativeAGaramondPro-Regular.otf",
				"${TARGET_BUILD_DIR}/${UNLOCALIZED_RESOURCES_FOLDER_PATH}/ReactNativeAGaramondPro-Semibold.otf",
				"${TARGET_BUILD_DIR}/${UNLOCALIZED_RESOURCES_FOLDER_PATH}/Unica77LL-Italic.otf",
				"${TARGET_BUILD_DIR}/${UNLOCALIZED_RESOURCES_FOLDER_PATH}/Unica77LL-Medium.otf",
				"${TARGET_BUILD_DIR}/${UNLOCALIZED_RESOURCES_FOLDER_PATH}/Unica77LL-MediumItalic.otf",
				"${TARGET_BUILD_DIR}/${UNLOCALIZED_RESOURCES_FOLDER_PATH}/Unica77LL-Regular.otf",
				"${TARGET_BUILD_DIR}/${UNLOCALIZED_RESOURCES_FOLDER_PATH}/Emission.js",
				"${TARGET_BUILD_DIR}/${UNLOCALIZED_RESOURCES_FOLDER_PATH}/assets",
				"${TARGET_BUILD_DIR}/${UNLOCALIZED_RESOURCES_FOLDER_PATH}/ARLoadFailureRetryIcon@2x.png",
				"${TARGET_BUILD_DIR}/${UNLOCALIZED_RESOURCES_FOLDER_PATH}/SAMKeychain.bundle",
				"${TARGET_BUILD_DIR}/${UNLOCALIZED_RESOURCES_FOLDER_PATH}/Stripe.bundle",
			);
			runOnlyForDeploymentPostprocessing = 0;
			shellPath = /bin/sh;
			shellScript = "\"${PODS_ROOT}/Target Support Files/Pods-Emission/Pods-Emission-resources.sh\"\n";
			showEnvVarsInLog = 0;
		};
		3CB362FC55CDD77CDAA5F2C2 /* [CP] Embed Pods Frameworks */ = {
			isa = PBXShellScriptBuildPhase;
			buildActionMask = 2147483647;
			files = (
			);
			inputPaths = (
				"${PODS_ROOT}/Target Support Files/Pods-Emission/Pods-Emission-frameworks.sh",
				"${PODS_ROOT}/../../node_modules/@mapbox/react-native-mapbox-gl/ios/Mapbox.framework",
			);
			name = "[CP] Embed Pods Frameworks";
			outputPaths = (
				"${TARGET_BUILD_DIR}/${FRAMEWORKS_FOLDER_PATH}/Mapbox.framework",
			);
			runOnlyForDeploymentPostprocessing = 0;
			shellPath = /bin/sh;
			shellScript = "\"${PODS_ROOT}/Target Support Files/Pods-Emission/Pods-Emission-frameworks.sh\"\n";
			showEnvVarsInLog = 0;
		};
		510E94FE1CCB87F100BDF098 /* Create Clang compilation DB */ = {
			isa = PBXShellScriptBuildPhase;
			buildActionMask = 2147483647;
			files = (
			);
			inputPaths = (
			);
			name = "Create Clang compilation DB";
			outputPaths = (
			);
			runOnlyForDeploymentPostprocessing = 0;
			shellPath = /bin/sh;
			shellScript = "if type -p clang-compilation-database-tool > /dev/null 2>&1; then\nclang-compilation-database-tool collect \"${OBJECT_FILE_DIR_normal}\" > \"${SRCROOT}/compile_commands.json\"\nfi";
			showEnvVarsInLog = 0;
		};
		513510561DAFBBB9007223BF /* Compile JS Bundle for Release */ = {
			isa = PBXShellScriptBuildPhase;
			buildActionMask = 12;
			files = (
			);
			inputPaths = (
			);
			name = "Compile JS Bundle for Release";
			outputPaths = (
			);
			runOnlyForDeploymentPostprocessing = 0;
			shellPath = /bin/sh;
			shellScript = "if [ \"$CONFIGURATION\" = \"Release\" ]\nthen\nexport NVM_DIR=\"$HOME/.nvm\"\n[ -s \"$NVM_DIR/nvm.sh\" ] && . \"$NVM_DIR/nvm.sh\"\ncd .. && nvm use && npm run bundle\nfi";
			showEnvVarsInLog = 0;
		};
		5157C2E92018C82400DE6B07 /* Record Packager Host IP for Debug */ = {
			isa = PBXShellScriptBuildPhase;
			buildActionMask = 2147483647;
			files = (
			);
			inputPaths = (
			);
			name = "Record Packager Host IP for Debug";
			outputPaths = (
			);
			runOnlyForDeploymentPostprocessing = 0;
			shellPath = /bin/sh;
			shellScript = "# Taken from https://github.com/facebook/react-native/blob/2716f53220f947c690d5f627286aad51313256a0/scripts/react-native-xcode.sh\n\n# Print commands before executing them (useful for troubleshooting)\nset -x\nDEST=$CONFIGURATION_BUILD_DIR/$UNLOCALIZED_RESOURCES_FOLDER_PATH\n\nif [[ \"$CONFIGURATION\" = \"Debug\" && ! \"$PLATFORM_NAME\" == *simulator ]]; then\nPLISTBUDDY='/usr/libexec/PlistBuddy'\nPLIST=$TARGET_BUILD_DIR/$INFOPLIST_PATH\nIP=$(ipconfig getifaddr en0)\nif [ -z \"$IP\" ]; then\nIP=$(ifconfig | grep 'inet ' | grep -v ' 127.' | cut -d\\   -f2  | awk 'NR==1{print $1}')\nfi\n\nif [ -z ${DISABLE_XIP+x} ]; then\nIP=\"$IP.xip.io\"\nfi\n\n$PLISTBUDDY -c \"Add NSAppTransportSecurity:NSExceptionDomains:localhost:NSTemporaryExceptionAllowsInsecureHTTPLoads bool true\" \"$PLIST\"\n$PLISTBUDDY -c \"Add NSAppTransportSecurity:NSExceptionDomains:$IP:NSTemporaryExceptionAllowsInsecureHTTPLoads bool true\" \"$PLIST\"\necho \"$IP\" > \"$DEST/ip.txt\"\nfi";
			showEnvVarsInLog = 0;
		};
		6E41E6A6664172F7C45F3D36 /* [CP] Check Pods Manifest.lock */ = {
			isa = PBXShellScriptBuildPhase;
			buildActionMask = 2147483647;
			files = (
			);
			inputPaths = (
				"${PODS_PODFILE_DIR_PATH}/Podfile.lock",
				"${PODS_ROOT}/Manifest.lock",
			);
			name = "[CP] Check Pods Manifest.lock";
			outputPaths = (
				"$(DERIVED_FILE_DIR)/Pods-Emission-checkManifestLockResult.txt",
			);
			runOnlyForDeploymentPostprocessing = 0;
			shellPath = /bin/sh;
			shellScript = "diff \"${PODS_PODFILE_DIR_PATH}/Podfile.lock\" \"${PODS_ROOT}/Manifest.lock\" > /dev/null\nif [ $? != 0 ] ; then\n    # print error to STDERR\n    echo \"error: The sandbox is not in sync with the Podfile.lock. Run 'pod install' or update your CocoaPods installation.\" >&2\n    exit 1\nfi\n# This output is used by Xcode 'outputs' to avoid re-running this script phase.\necho \"SUCCESS\" > \"${SCRIPT_OUTPUT_FILE_0}\"\n";
			showEnvVarsInLog = 0;
		};
/* End PBXShellScriptBuildPhase section */

/* Begin PBXSourcesBuildPhase section */
		510DCB0A1CCA69EC0075E8CB /* Sources */ = {
			isa = PBXSourcesBuildPhase;
			buildActionMask = 2147483647;
			files = (
				6011C2511DAF7B6D00CE54E5 /* UnroutedViewController.m in Sources */,
				6011C2451DAF61AF00CE54E5 /* ARAdminTableViewCell.m in Sources */,
				3ACAE7B922258EAD009C2236 /* ARAdminSentryBreadcrumbViewController.m in Sources */,
				3A7D41FE213F3CAD009618F5 /* ARLabOptions.m in Sources */,
				608C6DBB1FA263290044E235 /* CommitNetworkModel.m in Sources */,
				60B743B71D3EB12600E6B2A3 /* ARStorybookComponentViewController.m in Sources */,
				51F3E9A41CF3B8A4004A2013 /* EigenLikeNavigationController.m in Sources */,
				60DA49AB1EE7D219001FE871 /* EmissionPRChooseViewController.m in Sources */,
				515687BE2079A300002F365C /* ARAdminPreloadTableViewCell.m in Sources */,
				6011C2461DAF61AF00CE54E5 /* ARTickedTableViewCell.m in Sources */,
				60AE1D801EE7DF9C00FC800A /* PRNetworkModel.m in Sources */,
				60E4ABF71EE7D85000E8C3B1 /* LoadingSpinner.m in Sources */,
				60218E2920168D4E00A6C66B /* ARTopMenuViewController.m in Sources */,
				60F61A8B1DAF982B00A72101 /* AuthenticationManager.m in Sources */,
				608A60D61F75614700B6EF83 /* AppSetup.m in Sources */,
				6011C2471DAF61AF00CE54E5 /* ARAnimatedTickView.m in Sources */,
				60AEE7A01ECC6237008058E3 /* NSDateFormatter+TimeAgo.m in Sources */,
				510DCB151CCA69EC0075E8CB /* AppDelegate.m in Sources */,
				60DA49A81EE7CF70001FE871 /* ARRootViewController+PRs.m in Sources */,
				6011C24B1DAF63C000CE54E5 /* ARDefaults.m in Sources */,
				60EDA5731F4B2944007A6100 /* InternalWebViewController.m in Sources */,
				510DCB121CCA69EC0075E8CB /* main.m in Sources */,
				6011C24E1DAF697B00CE54E5 /* EigenLikeAdminViewController.m in Sources */,
				6011C23B1DAF5DD900CE54E5 /* ARRootViewController.m in Sources */,
				7F6D717721CAA82D001BC122 /* Placeholder.swift in Sources */,
			);
			runOnlyForDeploymentPostprocessing = 0;
		};
		510DCB221CCA69EC0075E8CB /* Sources */ = {
			isa = PBXSourcesBuildPhase;
			buildActionMask = 2147483647;
			files = (
				510DCB2B1CCA69EC0075E8CB /* OpaqueImageViewComponentTests.m in Sources */,
				510E95141CCEB84F00BDF098 /* TestHelper.m in Sources */,
				5E09C96B21E7B46B00207812 /* RCTTestModule.m in Sources */,
				5E09C96D21E7B46B00207812 /* RCTTestRunner.m in Sources */,
				5E09C96C21E7B46B00207812 /* RCTSnapshotManager.m in Sources */,
			);
			runOnlyForDeploymentPostprocessing = 0;
		};
		510DCB2D1CCA69EC0075E8CB /* Sources */ = {
			isa = PBXSourcesBuildPhase;
			buildActionMask = 2147483647;
			files = (
				510DCB361CCA69EC0075E8CB /* EmissionUITests.m in Sources */,
			);
			runOnlyForDeploymentPostprocessing = 0;
		};
/* End PBXSourcesBuildPhase section */

/* Begin PBXTargetDependency section */
		510DCB281CCA69EC0075E8CB /* PBXTargetDependency */ = {
			isa = PBXTargetDependency;
			target = 510DCB0D1CCA69EC0075E8CB /* Emission */;
			targetProxy = 510DCB271CCA69EC0075E8CB /* PBXContainerItemProxy */;
		};
		510DCB331CCA69EC0075E8CB /* PBXTargetDependency */ = {
			isa = PBXTargetDependency;
			target = 510DCB0D1CCA69EC0075E8CB /* Emission */;
			targetProxy = 510DCB321CCA69EC0075E8CB /* PBXContainerItemProxy */;
		};
/* End PBXTargetDependency section */

/* Begin PBXVariantGroup section */
		510E94FB1CCA828900BDF098 /* LaunchScreen.xib */ = {
			isa = PBXVariantGroup;
			children = (
				510E94FC1CCA828900BDF098 /* Base */,
			);
			name = LaunchScreen.xib;
			sourceTree = "<group>";
		};
/* End PBXVariantGroup section */

/* Begin XCBuildConfiguration section */
		510DCB381CCA69ED0075E8CB /* Debug */ = {
			isa = XCBuildConfiguration;
			baseConfigurationReference = 02E9860078C8122DA3D55F0F /* Pods-Emission.debug.xcconfig */;
			buildSettings = {
				ASSETCATALOG_COMPILER_APPICON_NAME = AppIcon;
				CC = "${SRCROOT}/compile_commands_emitting_clang";
				CLANG_ENABLE_MODULES = YES;
				CLANG_WARN_CXX0X_EXTENSIONS = YES;
				CODE_SIGN_ENTITLEMENTS = Emission/Emission.entitlements;
				CODE_SIGN_IDENTITY = "iPhone Developer";
				"CODE_SIGN_IDENTITY[sdk=iphoneos*]" = "iPhone Developer";
				CODE_SIGN_STYLE = Automatic;
				DEBUG_INFORMATION_FORMAT = dwarf;
				DEVELOPMENT_TEAM = "";
				GCC_TREAT_WARNINGS_AS_ERRORS = YES;
				GCC_WARN_PEDANTIC = YES;
				INFOPLIST_FILE = Emission/Info.plist;
				LD_RUNPATH_SEARCH_PATHS = "$(inherited) @executable_path/Frameworks";
				OTHER_LDFLAGS = (
					"$(inherited)",
					"-lstdc++",
				);
				PRODUCT_BUNDLE_IDENTIFIER = net.artsy.Emission;
				PRODUCT_NAME = "$(TARGET_NAME)";
				PROVISIONING_PROFILE_SPECIFIER = "";
				SWIFT_OBJC_BRIDGING_HEADER = "Emission/Emission-Bridging-Header.h";
				SWIFT_OPTIMIZATION_LEVEL = "-Onone";
				SWIFT_VERSION = 4.2;
				TARGETED_DEVICE_FAMILY = "1,2";
				WARNING_CFLAGS = "-Wno-variadic-macros";
			};
			name = Debug;
		};
		510DCB391CCA69ED0075E8CB /* Release */ = {
			isa = XCBuildConfiguration;
			baseConfigurationReference = 9AB72C7CDF8351EF0ADB2E4D /* Pods-Emission.release.xcconfig */;
			buildSettings = {
				ASSETCATALOG_COMPILER_APPICON_NAME = AppIcon;
				CC = "${SRCROOT}/compile_commands_emitting_clang";
				CLANG_ENABLE_MODULES = YES;
				CLANG_WARN_CXX0X_EXTENSIONS = YES;
				CODE_SIGN_ENTITLEMENTS = Emission/Emission.entitlements;
				CODE_SIGN_IDENTITY = "iPhone Developer";
				"CODE_SIGN_IDENTITY[sdk=iphoneos*]" = "iPhone Distribution";
				CODE_SIGN_STYLE = Automatic;
				DEVELOPMENT_TEAM = "";
				GCC_TREAT_WARNINGS_AS_ERRORS = YES;
				GCC_WARN_PEDANTIC = YES;
				INFOPLIST_FILE = Emission/Info.plist;
				LD_RUNPATH_SEARCH_PATHS = "$(inherited) @executable_path/Frameworks";
				OTHER_LDFLAGS = (
					"$(inherited)",
					"-lstdc++",
				);
				PRODUCT_BUNDLE_IDENTIFIER = net.artsy.Emission;
				PRODUCT_NAME = "$(TARGET_NAME)";
				PROVISIONING_PROFILE_SPECIFIER = "";
				SWIFT_VERSION = 4.2;
				TARGETED_DEVICE_FAMILY = "1,2";
				WARNING_CFLAGS = "-Wno-variadic-macros";
			};
			name = Release;
		};
		510DCB3A1CCA69ED0075E8CB /* Debug */ = {
			isa = XCBuildConfiguration;
			baseConfigurationReference = 17DDC2B5E27740D462B9B1E4 /* Pods-EmissionTests.debug.xcconfig */;
			buildSettings = {
				BUNDLE_LOADER = "$(TEST_HOST)";
				CLANG_ENABLE_MODULES = YES;
				DEBUG_INFORMATION_FORMAT = dwarf;
				GCC_PREPROCESSOR_DEFINITIONS = (
					"$(inherited)",
					"COCOAPODS=1",
					"FB_REFERENCE_IMAGE_DIR=\"\\\"$(SOURCE_ROOT)/$(TARGET_NAME)/ReferenceImages\\\"\"",
				);
				INFOPLIST_FILE = EmissionTests/Info.plist;
				LD_RUNPATH_SEARCH_PATHS = "$(inherited) @executable_path/Frameworks @loader_path/Frameworks";
				PRODUCT_BUNDLE_IDENTIFIER = net.artsy.EmissionTests;
				PRODUCT_NAME = "$(TARGET_NAME)";
				SWIFT_OPTIMIZATION_LEVEL = "-Onone";
				SWIFT_VERSION = 4.2;
				TEST_HOST = "$(BUILT_PRODUCTS_DIR)/Emission.app/Emission";
			};
			name = Debug;
		};
		510DCB3B1CCA69ED0075E8CB /* Release */ = {
			isa = XCBuildConfiguration;
			baseConfigurationReference = E347387A62A41620FEED9427 /* Pods-EmissionTests.release.xcconfig */;
			buildSettings = {
				BUNDLE_LOADER = "$(TEST_HOST)";
				CLANG_ENABLE_MODULES = YES;
				INFOPLIST_FILE = EmissionTests/Info.plist;
				LD_RUNPATH_SEARCH_PATHS = "$(inherited) @executable_path/Frameworks @loader_path/Frameworks";
				PRODUCT_BUNDLE_IDENTIFIER = net.artsy.EmissionTests;
				PRODUCT_NAME = "$(TARGET_NAME)";
				SWIFT_VERSION = 4.2;
				TEST_HOST = "$(BUILT_PRODUCTS_DIR)/Emission.app/Emission";
			};
			name = Release;
		};
		510DCB3C1CCA69ED0075E8CB /* Debug */ = {
			isa = XCBuildConfiguration;
			buildSettings = {
				ALWAYS_EMBED_SWIFT_STANDARD_LIBRARIES = YES;
				DEBUG_INFORMATION_FORMAT = dwarf;
				INFOPLIST_FILE = EmissionUITests/Info.plist;
				LD_RUNPATH_SEARCH_PATHS = "$(inherited) @executable_path/Frameworks @loader_path/Frameworks";
				PRODUCT_BUNDLE_IDENTIFIER = net.artsy.EmissionUITests;
				PRODUCT_NAME = "$(TARGET_NAME)";
				TEST_TARGET_NAME = Emission;
				USES_XCTRUNNER = YES;
			};
			name = Debug;
		};
		510DCB3D1CCA69ED0075E8CB /* Release */ = {
			isa = XCBuildConfiguration;
			buildSettings = {
				ALWAYS_EMBED_SWIFT_STANDARD_LIBRARIES = YES;
				INFOPLIST_FILE = EmissionUITests/Info.plist;
				LD_RUNPATH_SEARCH_PATHS = "$(inherited) @executable_path/Frameworks @loader_path/Frameworks";
				PRODUCT_BUNDLE_IDENTIFIER = net.artsy.EmissionUITests;
				PRODUCT_NAME = "$(TARGET_NAME)";
				TEST_TARGET_NAME = Emission;
				USES_XCTRUNNER = YES;
			};
			name = Release;
		};
		607FACED1AFB9204008FA782 /* Debug */ = {
			isa = XCBuildConfiguration;
			buildSettings = {
				ALWAYS_SEARCH_USER_PATHS = NO;
				CLANG_CXX_LANGUAGE_STANDARD = "gnu++0x";
				CLANG_CXX_LIBRARY = "libc++";
				CLANG_ENABLE_MODULES = YES;
				CLANG_ENABLE_OBJC_ARC = YES;
				CLANG_WARN_BLOCK_CAPTURE_AUTORELEASING = YES;
				CLANG_WARN_BOOL_CONVERSION = YES;
				CLANG_WARN_COMMA = YES;
				CLANG_WARN_CONSTANT_CONVERSION = YES;
				CLANG_WARN_DEPRECATED_OBJC_IMPLEMENTATIONS = YES;
				CLANG_WARN_DIRECT_OBJC_ISA_USAGE = YES_ERROR;
				CLANG_WARN_EMPTY_BODY = YES;
				CLANG_WARN_ENUM_CONVERSION = YES;
				CLANG_WARN_INFINITE_RECURSION = YES;
				CLANG_WARN_INT_CONVERSION = YES;
				CLANG_WARN_NON_LITERAL_NULL_CONVERSION = YES;
				CLANG_WARN_OBJC_IMPLICIT_RETAIN_SELF = YES;
				CLANG_WARN_OBJC_LITERAL_CONVERSION = YES;
				CLANG_WARN_OBJC_ROOT_CLASS = YES_ERROR;
				CLANG_WARN_RANGE_LOOP_ANALYSIS = YES;
				CLANG_WARN_STRICT_PROTOTYPES = YES;
				CLANG_WARN_SUSPICIOUS_MOVE = YES;
				CLANG_WARN_UNREACHABLE_CODE = YES;
				CLANG_WARN__DUPLICATE_METHOD_MATCH = YES;
				"CODE_SIGN_IDENTITY[sdk=iphoneos*]" = "iPhone Developer";
				COPY_PHASE_STRIP = NO;
				DEBUG_INFORMATION_FORMAT = "dwarf-with-dsym";
				ENABLE_STRICT_OBJC_MSGSEND = YES;
				ENABLE_TESTABILITY = YES;
				GCC_C_LANGUAGE_STANDARD = gnu99;
				GCC_DYNAMIC_NO_PIC = NO;
				GCC_NO_COMMON_BLOCKS = YES;
				GCC_OPTIMIZATION_LEVEL = 0;
				GCC_PREPROCESSOR_DEFINITIONS = (
					"DEBUG=1",
					"$(inherited)",
				);
				GCC_SYMBOLS_PRIVATE_EXTERN = NO;
				GCC_WARN_64_TO_32_BIT_CONVERSION = YES;
				GCC_WARN_ABOUT_RETURN_TYPE = YES_ERROR;
				GCC_WARN_UNDECLARED_SELECTOR = YES;
				GCC_WARN_UNINITIALIZED_AUTOS = YES_AGGRESSIVE;
				GCC_WARN_UNUSED_FUNCTION = YES;
				GCC_WARN_UNUSED_VARIABLE = YES;
				IPHONEOS_DEPLOYMENT_TARGET = 10.0;
				MTL_ENABLE_DEBUG_INFO = YES;
				ONLY_ACTIVE_ARCH = YES;
				SDKROOT = iphoneos;
				SWIFT_OPTIMIZATION_LEVEL = "-Onone";
			};
			name = Debug;
		};
		607FACEE1AFB9204008FA782 /* Release */ = {
			isa = XCBuildConfiguration;
			buildSettings = {
				ALWAYS_SEARCH_USER_PATHS = NO;
				CLANG_CXX_LANGUAGE_STANDARD = "gnu++0x";
				CLANG_CXX_LIBRARY = "libc++";
				CLANG_ENABLE_MODULES = YES;
				CLANG_ENABLE_OBJC_ARC = YES;
				CLANG_WARN_BLOCK_CAPTURE_AUTORELEASING = YES;
				CLANG_WARN_BOOL_CONVERSION = YES;
				CLANG_WARN_COMMA = YES;
				CLANG_WARN_CONSTANT_CONVERSION = YES;
				CLANG_WARN_DEPRECATED_OBJC_IMPLEMENTATIONS = YES;
				CLANG_WARN_DIRECT_OBJC_ISA_USAGE = YES_ERROR;
				CLANG_WARN_EMPTY_BODY = YES;
				CLANG_WARN_ENUM_CONVERSION = YES;
				CLANG_WARN_INFINITE_RECURSION = YES;
				CLANG_WARN_INT_CONVERSION = YES;
				CLANG_WARN_NON_LITERAL_NULL_CONVERSION = YES;
				CLANG_WARN_OBJC_IMPLICIT_RETAIN_SELF = YES;
				CLANG_WARN_OBJC_LITERAL_CONVERSION = YES;
				CLANG_WARN_OBJC_ROOT_CLASS = YES_ERROR;
				CLANG_WARN_RANGE_LOOP_ANALYSIS = YES;
				CLANG_WARN_STRICT_PROTOTYPES = YES;
				CLANG_WARN_SUSPICIOUS_MOVE = YES;
				CLANG_WARN_UNREACHABLE_CODE = YES;
				CLANG_WARN__DUPLICATE_METHOD_MATCH = YES;
				"CODE_SIGN_IDENTITY[sdk=iphoneos*]" = "iPhone Developer";
				COPY_PHASE_STRIP = NO;
				DEBUG_INFORMATION_FORMAT = "dwarf-with-dsym";
				ENABLE_NS_ASSERTIONS = NO;
				ENABLE_STRICT_OBJC_MSGSEND = YES;
				GCC_C_LANGUAGE_STANDARD = gnu99;
				GCC_NO_COMMON_BLOCKS = YES;
				GCC_WARN_64_TO_32_BIT_CONVERSION = YES;
				GCC_WARN_ABOUT_RETURN_TYPE = YES_ERROR;
				GCC_WARN_UNDECLARED_SELECTOR = YES;
				GCC_WARN_UNINITIALIZED_AUTOS = YES_AGGRESSIVE;
				GCC_WARN_UNUSED_FUNCTION = YES;
				GCC_WARN_UNUSED_VARIABLE = YES;
				IPHONEOS_DEPLOYMENT_TARGET = 10.0;
				MTL_ENABLE_DEBUG_INFO = NO;
				SDKROOT = iphoneos;
				VALIDATE_PRODUCT = YES;
			};
			name = Release;
		};
		608A60D01F755E2F00B6EF83 /* Deploy */ = {
			isa = XCBuildConfiguration;
			buildSettings = {
				ALWAYS_SEARCH_USER_PATHS = NO;
				CLANG_CXX_LANGUAGE_STANDARD = "gnu++0x";
				CLANG_CXX_LIBRARY = "libc++";
				CLANG_ENABLE_MODULES = YES;
				CLANG_ENABLE_OBJC_ARC = YES;
				CLANG_WARN_BLOCK_CAPTURE_AUTORELEASING = YES;
				CLANG_WARN_BOOL_CONVERSION = YES;
				CLANG_WARN_COMMA = YES;
				CLANG_WARN_CONSTANT_CONVERSION = YES;
				CLANG_WARN_DEPRECATED_OBJC_IMPLEMENTATIONS = YES;
				CLANG_WARN_DIRECT_OBJC_ISA_USAGE = YES_ERROR;
				CLANG_WARN_EMPTY_BODY = YES;
				CLANG_WARN_ENUM_CONVERSION = YES;
				CLANG_WARN_INFINITE_RECURSION = YES;
				CLANG_WARN_INT_CONVERSION = YES;
				CLANG_WARN_NON_LITERAL_NULL_CONVERSION = YES;
				CLANG_WARN_OBJC_IMPLICIT_RETAIN_SELF = YES;
				CLANG_WARN_OBJC_LITERAL_CONVERSION = YES;
				CLANG_WARN_OBJC_ROOT_CLASS = YES_ERROR;
				CLANG_WARN_RANGE_LOOP_ANALYSIS = YES;
				CLANG_WARN_STRICT_PROTOTYPES = YES;
				CLANG_WARN_SUSPICIOUS_MOVE = YES;
				CLANG_WARN_UNREACHABLE_CODE = YES;
				CLANG_WARN__DUPLICATE_METHOD_MATCH = YES;
				"CODE_SIGN_IDENTITY[sdk=iphoneos*]" = "iPhone Developer";
				COPY_PHASE_STRIP = NO;
				DEBUG_INFORMATION_FORMAT = "dwarf-with-dsym";
				ENABLE_STRICT_OBJC_MSGSEND = YES;
				ENABLE_TESTABILITY = YES;
				GCC_C_LANGUAGE_STANDARD = gnu99;
				GCC_DYNAMIC_NO_PIC = NO;
				GCC_NO_COMMON_BLOCKS = YES;
				GCC_OPTIMIZATION_LEVEL = 0;
				GCC_PREPROCESSOR_DEFINITIONS = (
					"DEBUG=1",
					"DEPLOY=1",
					"$(inherited)",
				);
				GCC_SYMBOLS_PRIVATE_EXTERN = NO;
				GCC_WARN_64_TO_32_BIT_CONVERSION = YES;
				GCC_WARN_ABOUT_RETURN_TYPE = YES_ERROR;
				GCC_WARN_UNDECLARED_SELECTOR = YES;
				GCC_WARN_UNINITIALIZED_AUTOS = YES_AGGRESSIVE;
				GCC_WARN_UNUSED_FUNCTION = YES;
				GCC_WARN_UNUSED_VARIABLE = YES;
				IPHONEOS_DEPLOYMENT_TARGET = 10.0;
				MTL_ENABLE_DEBUG_INFO = YES;
				ONLY_ACTIVE_ARCH = YES;
				SDKROOT = iphoneos;
				SWIFT_OPTIMIZATION_LEVEL = "-Onone";
			};
			name = Deploy;
		};
		608A60D11F755E2F00B6EF83 /* Deploy */ = {
			isa = XCBuildConfiguration;
			baseConfigurationReference = 163341760E6AD3C2BD2501B6 /* Pods-Emission.deploy.xcconfig */;
			buildSettings = {
				ASSETCATALOG_COMPILER_APPICON_NAME = AppIcon;
				CC = "${SRCROOT}/compile_commands_emitting_clang";
				CLANG_ENABLE_MODULES = YES;
				CLANG_WARN_CXX0X_EXTENSIONS = YES;
				CODE_SIGN_ENTITLEMENTS = Emission/Emission.entitlements;
				CODE_SIGN_IDENTITY = "iPhone Developer";
				"CODE_SIGN_IDENTITY[sdk=iphoneos*]" = "iPhone Distribution";
				CODE_SIGN_STYLE = Automatic;
				DEBUG_INFORMATION_FORMAT = "dwarf-with-dsym";
				DEVELOPMENT_TEAM = "";
				GCC_TREAT_WARNINGS_AS_ERRORS = YES;
				GCC_WARN_PEDANTIC = YES;
				INFOPLIST_FILE = Emission/Info.plist;
				LD_RUNPATH_SEARCH_PATHS = "$(inherited) @executable_path/Frameworks";
				OTHER_LDFLAGS = (
					"$(inherited)",
					"-lstdc++",
				);
				PRODUCT_BUNDLE_IDENTIFIER = net.artsy.Emission;
				PRODUCT_NAME = "$(TARGET_NAME)";
				PROVISIONING_PROFILE_SPECIFIER = "";
				SWIFT_OBJC_BRIDGING_HEADER = "Emission/Emission-Bridging-Header.h";
				SWIFT_OPTIMIZATION_LEVEL = "-Onone";
				SWIFT_VERSION = 4.2;
				TARGETED_DEVICE_FAMILY = "1,2";
				WARNING_CFLAGS = "-Wno-variadic-macros";
			};
			name = Deploy;
		};
		608A60D21F755E2F00B6EF83 /* Deploy */ = {
			isa = XCBuildConfiguration;
			baseConfigurationReference = 5D75FFB0E282ED7DB0B9141E /* Pods-EmissionTests.deploy.xcconfig */;
			buildSettings = {
				BUNDLE_LOADER = "$(TEST_HOST)";
				CLANG_ENABLE_MODULES = YES;
				DEBUG_INFORMATION_FORMAT = dwarf;
				INFOPLIST_FILE = EmissionTests/Info.plist;
				LD_RUNPATH_SEARCH_PATHS = "$(inherited) @executable_path/Frameworks @loader_path/Frameworks";
				PRODUCT_BUNDLE_IDENTIFIER = net.artsy.EmissionTests;
				PRODUCT_NAME = "$(TARGET_NAME)";
				SWIFT_OPTIMIZATION_LEVEL = "-Onone";
				SWIFT_VERSION = 4.2;
				TEST_HOST = "$(BUILT_PRODUCTS_DIR)/Emission.app/Emission";
			};
			name = Deploy;
		};
		608A60D31F755E2F00B6EF83 /* Deploy */ = {
			isa = XCBuildConfiguration;
			buildSettings = {
				ALWAYS_EMBED_SWIFT_STANDARD_LIBRARIES = YES;
				DEBUG_INFORMATION_FORMAT = dwarf;
				INFOPLIST_FILE = EmissionUITests/Info.plist;
				LD_RUNPATH_SEARCH_PATHS = "$(inherited) @executable_path/Frameworks @loader_path/Frameworks";
				PRODUCT_BUNDLE_IDENTIFIER = net.artsy.EmissionUITests;
				PRODUCT_NAME = "$(TARGET_NAME)";
				TEST_TARGET_NAME = Emission;
				USES_XCTRUNNER = YES;
			};
			name = Deploy;
		};
/* End XCBuildConfiguration section */

/* Begin XCConfigurationList section */
		510DCB3E1CCA69ED0075E8CB /* Build configuration list for PBXNativeTarget "Emission" */ = {
			isa = XCConfigurationList;
			buildConfigurations = (
				510DCB381CCA69ED0075E8CB /* Debug */,
				608A60D11F755E2F00B6EF83 /* Deploy */,
				510DCB391CCA69ED0075E8CB /* Release */,
			);
			defaultConfigurationIsVisible = 0;
			defaultConfigurationName = Release;
		};
		510DCB3F1CCA69ED0075E8CB /* Build configuration list for PBXNativeTarget "EmissionTests" */ = {
			isa = XCConfigurationList;
			buildConfigurations = (
				510DCB3A1CCA69ED0075E8CB /* Debug */,
				608A60D21F755E2F00B6EF83 /* Deploy */,
				510DCB3B1CCA69ED0075E8CB /* Release */,
			);
			defaultConfigurationIsVisible = 0;
			defaultConfigurationName = Release;
		};
		510DCB401CCA69ED0075E8CB /* Build configuration list for PBXNativeTarget "EmissionUITests" */ = {
			isa = XCConfigurationList;
			buildConfigurations = (
				510DCB3C1CCA69ED0075E8CB /* Debug */,
				608A60D31F755E2F00B6EF83 /* Deploy */,
				510DCB3D1CCA69ED0075E8CB /* Release */,
			);
			defaultConfigurationIsVisible = 0;
			defaultConfigurationName = Release;
		};
		607FACCB1AFB9204008FA782 /* Build configuration list for PBXProject "Emission" */ = {
			isa = XCConfigurationList;
			buildConfigurations = (
				607FACED1AFB9204008FA782 /* Debug */,
				608A60D01F755E2F00B6EF83 /* Deploy */,
				607FACEE1AFB9204008FA782 /* Release */,
			);
			defaultConfigurationIsVisible = 0;
			defaultConfigurationName = Release;
		};
/* End XCConfigurationList section */
	};
	rootObject = 607FACC81AFB9204008FA782 /* Project object */;
}
