PODS:
  - ARGenericTableViewController (1.0.2)
  - Artsy+Authentication/email (1.5.0):
    - ISO8601DateFormatter
    - NSURL+QueryDictionary
  - Artsy+UIColors (3.1.0)
  - Artsy+UIFonts (3.1.3)
  - Artsy-UIButtons (2.1.0):
    - Artsy+UIColors (~> 3.0)
    - Artsy+UIFonts
    - UIView+BooleanAnimations
  - Emission (1.4.3):
    - Artsy+UIColors
    - Artsy+UIFonts (>= 3.0.0)
    - Extraction (>= 1.2.1)
    - React/BatchedBridge (= 0.48.4)
    - React/Core (= 0.48.4)
    - React/RCTAnimation (= 0.48.4)
    - React/RCTCameraRoll (= 0.48.4)
    - React/RCTImage (= 0.48.4)
    - React/RCTLinkingIOS (= 0.48.4)
    - React/RCTNetwork (= 0.48.4)
    - React/RCTText (= 0.48.4)
    - SDWebImage (< 4, >= 3.7.2)
    - SentryReactNative (= 0.30.3)
    - Yoga (= 0.48.4.React)
  - Extraction (1.2.3):
    - Extraction/ARAnimationContinuation (= 1.2.3)
    - Extraction/ARLoadFailureView (= 1.2.3)
    - Extraction/ARSpinner (= 1.2.3)
    - Extraction/ARSwitchView (= 1.2.3)
    - Extraction/UILabel+Typography (= 1.2.3)
    - Extraction/UIView+ARSpinner (= 1.2.3)
  - Extraction/ARAnimationContinuation (1.2.3)
  - Extraction/ARLoadFailureView (1.2.3):
    - Artsy-UIButtons
    - Extraction/UILabel+Typography
    - ORStackView (< 3)
  - Extraction/ARSpinner (1.2.3):
    - Extraction/UIView+ARSpinner
    - UIView+BooleanAnimations
  - Extraction/ARSwitchView (1.2.3):
    - Artsy+UIColors
    - Artsy+UIFonts (>= 1.1.0)
    - FLKAutoLayout
    - UIView+BooleanAnimations
  - Extraction/UILabel+Typography (1.2.3)
  - Extraction/UIView+ARSpinner (1.2.3):
    - Extraction/ARAnimationContinuation
  - FLKAutoLayout (1.0.0)
  - ISO8601DateFormatter (0.8)
  - Keys (1.0.0)
  - KSCrash/Core (1.15.16):
    - KSCrash/Reporting/Filters/Basic
  - KSCrash/Recording (1.15.16):
    - KSCrash/Recording/Tools (= 1.15.16)
  - KSCrash/Recording/Tools (1.15.16)
  - KSCrash/Reporting/Filters/Base (1.15.16):
    - KSCrash/Recording
  - KSCrash/Reporting/Filters/Basic (1.15.16):
    - KSCrash/Recording
    - KSCrash/Reporting/Filters/Base
  - NSURL+QueryDictionary (1.2.0)
  - ORStackView (2.0.3):
    - FLKAutoLayout
  - React (0.48.4):
    - React/Core (= 0.48.4)
  - React/BatchedBridge (0.48.4):
    - React/Core
    - React/cxxreact_legacy
  - React/Core (0.48.4):
    - Yoga (= 0.48.4.React)
  - React/cxxreact_legacy (0.48.4):
    - React/jschelpers_legacy
  - React/DevSupport (0.48.4):
    - React/Core
    - React/RCTWebSocket
  - React/jschelpers_legacy (0.48.4)
  - React/RCTAnimation (0.48.4):
    - React/Core
  - React/RCTBlob (0.48.4):
    - React/Core
  - React/RCTCameraRoll (0.48.4):
    - React/Core
    - React/RCTImage
  - React/RCTImage (0.48.4):
    - React/Core
    - React/RCTNetwork
  - React/RCTLinkingIOS (0.48.4):
    - React/Core
  - React/RCTNetwork (0.48.4):
    - React/Core
  - React/RCTText (0.48.4):
    - React/Core
  - React/RCTWebSocket (0.48.4):
    - React/Core
    - React/RCTBlob
  - SAMKeychain (1.5.0)
  - SDWebImage (3.8.2):
    - SDWebImage/Core (= 3.8.2)
  - SDWebImage/Core (3.8.2)
  - Sentry (3.9.1):
    - Sentry/Core (= 3.9.1)
    - Sentry/KSCrash (= 3.9.1)
  - Sentry/Core (3.9.1)
  - Sentry/KSCrash (3.9.1):
    - KSCrash/Core (~> 1.15.12)
  - SentryReactNative (0.30.3):
    - React
    - Sentry (~> 3.9.0)
    - Sentry/KSCrash (~> 3.9.0)
  - UIView+BooleanAnimations (1.0.2)
  - Yoga (0.48.4.React)

DEPENDENCIES:
  - ARGenericTableViewController
  - Artsy+Authentication/email (from `https://github.com/artsy/Artsy-Authentication.git`, branch `fetch-user-details`)
  - Artsy+UIFonts
  - Emission (from `../`)
  - FLKAutoLayout
  - Keys (from `Pods/CocoaPodsKeys`)
  - React/DevSupport (from `../node_modules/react-native`)
  - SAMKeychain
  - Sentry/Core
  - Sentry/KSCrash
  - SentryReactNative (from `../node_modules/react-native-sentry`)
  - Yoga (from `../node_modules/react-native/ReactCommon/yoga`)

EXTERNAL SOURCES:
  Artsy+Authentication:
    :branch: fetch-user-details
    :git: https://github.com/artsy/Artsy-Authentication.git
  Emission:
    :path: ../
  Keys:
    :path: Pods/CocoaPodsKeys
  React:
    :path: ../node_modules/react-native
  SentryReactNative:
    :path: ../node_modules/react-native-sentry
  Yoga:
    :path: ../node_modules/react-native/ReactCommon/yoga

CHECKOUT OPTIONS:
  Artsy+Authentication:
    :commit: 1b582675598c999726d9edacd3b8559e01cf7c48
    :git: https://github.com/artsy/Artsy-Authentication.git

SPEC CHECKSUMS:
  ARGenericTableViewController: 61a0897ba66c35111b5d1cc3b44884282bd3c1a5
  Artsy+Authentication: 3bf11ceca61c52e9e31490535bf5798f625406fa
  Artsy+UIColors: 31c03c4146f5e6618a9b950f37dfe02dd9ac09a6
  Artsy+UIFonts: d38c82636e000b1dee31b7bec0268e1841dac17f
  Artsy-UIButtons: cdcc3ccf4d0d31ee80f45c1d11ffd2d772695b74
  Emission: d5a03d538ac61b4074ab0370ad7d68f2419a7400
  Extraction: 612cf0866f74d4c0dd616677ff24146efa200958
  FLKAutoLayout: 106b14dbae09d32c6730190f4e78a959759ba4a4
  ISO8601DateFormatter: 4551b6ce4f83185425f583b0b3feb3c7b59b942c
  Keys: af65e23feef2a047b3277b1ef0399f1209ef9d46
  KSCrash: e4cda5c8612c5f9478defcf43418f24870d313f4
  NSURL+QueryDictionary: bae616404e2adf6409d3d5c02a093cbf44c8a236
  ORStackView: b9507271cb41fb9e0b3eecc6414d831201e7cf7c
  React: 59267c3a5811102116842a84a29efaca58167ee8
  SAMKeychain: 1fc9ae02f576365395758b12888c84704eebc423
  SDWebImage: 098e97e6176540799c27e804c96653ee0833d13c
  Sentry: e2707f9a6b498277d9620a48fcb1bd3b655c8473
  SentryReactNative: a292506edfa707119e3aa155892cdb07e453a93a
  UIView+BooleanAnimations: a760be9a066036e55f298b7b7350a6cb14cfcd97
  Yoga: de6cde41559145f06b816e2bab5bfa980447798b

PODFILE CHECKSUM: f0c9cdfda9e9f74df0800f76126ce5df042e3805

COCOAPODS: 1.4.0
