{
  "object": {
    "pins": [
      {
        "package": "Files",
        "repositoryURL": "https://github.com/JohnSundell/Files.git",
        "state": {
          "branch": null,
          "revision": "06f95bd1bf4f8d5f50bc6bb30b808c253acd4c88",
          "version": "2.2.1"
        }
      },
      {
        "package": "Logger",
        "repositoryURL": "https://github.com/f-meloni/Logger",
        "state": {
          "branch": null,
          "revision": "c1cb5a142b99687ecc55d8de101bf082889f5fd1",
          "version": "0.2.2"
        }
      },
      {
        "package": "Marathon",
        "repositoryURL": "https://github.com/JohnSundell/Marathon",
        "state": {
          "branch": null,
          "revision": "a06df8de0b79c1a3b69228ec5368acd52956d8ec",
          "version": "3.1.0"
        }
      },
      {
        "package": "OctoKit",
        "repositoryURL": "https://github.com/nerdishbynature/octokit.swift",
        "state": {
          "branch": null,
          "revision": "b63f2ec1b55f26c8e94159d81ad695aeb92f3d4e",
          "version": "0.9.0"
        }
      },
      {
        "package": "Releases",
        "repositoryURL": "https://github.com/JohnSundell/Releases.git",
        "state": {
          "branch": null,
          "revision": "e74f0895855b56147cb96f2d45aba3ec37da64fb",
          "version": "3.0.0"
        }
      },
      {
        "package": "RequestKit",
        "repositoryURL": "https://github.com/nerdishbynature/RequestKit.git",
        "state": {
          "branch": null,
          "revision": "defcc7cb005995f261b47e357874a539f3b5c679",
          "version": "2.3.0"
        }
      },
      {
        "package": "Require",
        "repositoryURL": "https://github.com/JohnSundell/Require.git",
        "state": {
          "branch": null,
          "revision": "7cfbd0d8a2dede0e01f6f0d8ab2c7acef1df112e",
          "version": "2.0.1"
        }
      },
      {
        "package": "ShellOut",
        "repositoryURL": "https://github.com/JohnSundell/ShellOut",
        "state": {
          "branch": null,
          "revision": "d3d54ce662dfee7fef619330b71d251b8d4869f9",
          "version": "2.2.0"
        }
      },
      {
        "package": "danger-swift",
        "repositoryURL": "https://github.com/danger/swift.git",
        "state": {
          "branch": null,
          "revision": "a4e836b5443b3ba475cb6cc0b05ddd54ff65fc26",
          "version": "1.5.0"
        }
      },
      {
        "package": "Unbox",
        "repositoryURL": "https://github.com/JohnSundell/Unbox.git",
        "state": {
          "branch": null,
          "revision": "9575afeb61597fdea9070ca07effede5fb37c2c8",
          "version": "3.1.0"
        }
      },
      {
        "package": "Wrap",
        "repositoryURL": "https://github.com/JohnSundell/Wrap.git",
        "state": {
          "branch": null,
          "revision": "8085c925060b84a1fc0caef444c130da2c8154c3",
          "version": "3.0.1"
        }
      },
      {
        "package": "Yams",
        "repositoryURL": "https://github.com/jpsim/Yams",
        "state": {
          "branch": null,
          "revision": "26ab35f50ea891e8edefcc9d975db2f6b67e1d68",
          "version": "1.0.1"
        }
      }
    ]
  },
  "version": 1
}
