{
  "object": {
    "pins": [
      {
        "package": "Files",
        "repositoryURL": "https://github.com/JohnSundell/Files.git",
        "state": {
          "branch": null,
          "revision": "06f95bd1bf4f8d5f50bc6bb30b808c253acd4c88",
          "version": "2.2.1"
        }
      },
      {
        "package": "Logger",
        "repositoryURL": "https://github.com/f-meloni/Logger",
        "state": {
          "branch": null,
          "revision": "cdb2adb8aadfae75e2a0eb82318b5980b5d5eba5",
          "version": "0.1.0"
        }
      },
      {
        "package": "Marathon",
        "repositoryURL": "https://github.com/JohnSundell/Marathon.git",
        "state": {
          "branch": null,
          "revision": "a06df8de0b79c1a3b69228ec5368acd52956d8ec",
          "version": "3.1.0"
        }
      },
      {
        "package": "Nimble",
        "repositoryURL": "https://github.com/Quick/Nimble.git",
        "state": {
          "branch": null,
          "revision": "cd6dfb86f496fcd96ce0bc6da962cd936bf41903",
          "version": "7.3.1"
        }
      },
      {
        "package": "OctoKit",
        "repositoryURL": "https://github.com/nerdishbynature/octokit.swift",
        "state": {
          "branch": null,
          "revision": "b63f2ec1b55f26c8e94159d81ad695aeb92f3d4e",
          "version": "0.9.0"
        }
      },
      {
        "package": "Quick",
        "repositoryURL": "https://github.com/Quick/Quick.git",
        "state": {
          "branch": null,
          "revision": "5fbf13871d185526993130c3a1fad0b70bfe37ce",
          "version": "1.3.2"
        }
      },
      {
        "package": "Releases",
        "repositoryURL": "https://github.com/JohnSundell/Releases.git",
        "state": {
          "branch": null,
          "revision": "e74f0895855b56147cb96f2d45aba3ec37da64fb",
          "version": "3.0.0"
        }
      },
      {
        "package": "RequestKit",
        "repositoryURL": "https://github.com/nerdishbynature/RequestKit.git",
        "state": {
          "branch": null,
          "revision": "defcc7cb005995f261b47e357874a539f3b5c679",
          "version": "2.3.0"
        }
      },
      {
        "package": "Require",
        "repositoryURL": "https://github.com/JohnSundell/Require.git",
        "state": {
          "branch": null,
          "revision": "7cfbd0d8a2dede0e01f6f0d8ab2c7acef1df112e",
          "version": "2.0.1"
        }
      },
      {
        "package": "ShellOut",
        "repositoryURL": "https://github.com/JohnSundell/ShellOut.git",
        "state": {
          "branch": null,
          "revision": "f1c253a34a40df4bfd268b09fdb101b059f6d52d",
          "version": "2.1.0"
        }
      },
      {
        "package": "danger-swift",
        "repositoryURL": "https://github.com/danger/swift.git",
        "state": {
          "branch": null,
          "revision": "9b252605721e1946f8007fade42a48fcb10b09bc",
          "version": "0.8.0"
        }
      },
      {
        "package": "TestSpy",
        "repositoryURL": "https://github.com/f-meloni/TestSpy",
        "state": {
          "branch": null,
          "revision": "e0f1e9d4d10080762bb3b5256a94f347e74416f0",
          "version": "0.3.1"
        }
      },
      {
        "package": "Unbox",
        "repositoryURL": "https://github.com/JohnSundell/Unbox.git",
        "state": {
          "branch": null,
          "revision": "e084f13aea85495b07d015e893845e097a5eaeb4",
          "version": "3.0.0"
        }
      },
      {
        "package": "Wrap",
        "repositoryURL": "https://github.com/JohnSundell/Wrap.git",
        "state": {
          "branch": null,
          "revision": "8085c925060b84a1fc0caef444c130da2c8154c3",
          "version": "3.0.1"
        }
      }
    ]
  },
  "version": 1
}
