PODS:
  - AFHTTPRequestOperationLogger (1.0.0):
    - AFNetworking (~> 1.0)
  - AFNetworking (1.3.4)
  - AFOAuth1Client (1.0.0):
    - AFNetworking (~> 1.3)
  - ALPValidator (0.0.3)
  - Analytics/Core-iOS (1.12.0):
    - TRVSDictionaryWithCaseInsensitivity (= 0.0.2)
  - Analytics/Segmentio (1.12.0):
    - Analytics/Core-iOS
  - ARAnalytics/CoreIOS (3.6.2)
  - ARAnalytics/DSL (3.6.2):
    - ReactiveCocoa (~> 2.0)
    - RSSwizzle (~> 0.1.0)
  - ARAnalytics/HockeyApp (3.6.2):
    - ARAnalytics/CoreIOS
    - HockeySDK-Source
  - ARAnalytics/Segmentio (3.6.2):
    - Analytics/Segmentio
    - ARAnalytics/CoreIOS
  - ARASCIISwizzle (1.1.0)
  - ARCollectionViewMasonryLayout (2.1.2)
  - ARGenericTableViewController (1.0.2)
  - ARTiledImageView (1.2):
    - SDWebImage/Core
  - Artsy+UIColors (1.0.0):
    - EDColor (~> 0.4)
  - Artsy+UIFonts (1.1.0)
  - Artsy+UILabels (1.3.1):
    - Artsy+UIColors
  - Artsy-UIButtons (1.4.0):
    - Artsy+UIColors
    - UIView+BooleanAnimations
  - Bolts (1.2.0):
    - Bolts/AppLinks (= 1.2.0)
    - Bolts/Tasks (= 1.2.0)
  - Bolts/AppLinks (1.2.0):
    - Bolts/Tasks
  - Bolts/Tasks (1.2.0)
  - CocoaLumberjack (2.0.0):
    - CocoaLumberjack/Default (= 2.0.0)
    - CocoaLumberjack/Extensions (= 2.0.0)
  - CocoaLumberjack/Core (2.0.0)
  - CocoaLumberjack/Default (2.0.0):
    - CocoaLumberjack/Core
  - CocoaLumberjack/Extensions (2.0.0):
    - CocoaLumberjack/Default
  - DHCShakeNotifier (0.2.0)
  - DRKonamiCode (1.1.0)
  - EDColor (0.4.0)
  - Expecta (1.0.0)
  - Expecta+Snapshots (1.3.4):
    - Expecta (~> 1.0)
    - FBSnapshotTestCase (~> 1.8)
  - FBSDKCoreKit (4.2.0):
    - Bolts (~> 1.1)
    - FBSDKCoreKit/arc (= 4.2.0)
    - FBSDKCoreKit/no-arc (= 4.2.0)
  - FBSDKCoreKit/arc (4.2.0):
    - Bolts (~> 1.1)
  - FBSDKCoreKit/no-arc (4.2.0):
    - Bolts (~> 1.1)
    - FBSDKCoreKit/arc
  - FBSDKLoginKit (4.2.0):
    - FBSDKCoreKit
  - FBSnapshotTestCase (1.8.1)
  - FLKAutoLayout (0.1.1)
  - FODFormKit (0.1.1)
  - FXBlurView (1.6.1)
  - HockeySDK-Source (3.7.1)
  - InterAppCommunication (1.0)
  - iRate (1.10.2)
  - ISO8601DateFormatter (HEAD based on 0.7)
  - JLRoutes (1.5)
  - JSDecoupledAppDelegate (1.1.0)
  - Keys (1.0.0)
  - KSDeferred (0.2.0)
  - libextobjc/EXTKeyPathCoding (0.4):
    - libextobjc/RuntimeExtensions
  - libextobjc/RuntimeExtensions (0.4)
  - Mantle (1.5.3):
    - Mantle/extobjc (= 1.5.3)
  - Mantle/extobjc (1.5.3)
  - MMMarkdown (0.4)
  - MultiDelegate (0.0.2)
  - NAMapKit (3.1.1):
    - ARTiledImageView
    - SDWebImage
  - ObjectiveSugar (1.1.0)
  - OCMock (2.2.4)
  - OHHTTPStubs (3.1.2)
  - ORKeyboardReactingApplication (0.5.3)
  - ORStackView (2.0.0):
    - FLKAutoLayout (~> 0.1)
  - ReactiveCocoa (2.3):
    - ReactiveCocoa/UI (= 2.3)
  - ReactiveCocoa/Core (2.3):
    - ReactiveCocoa/no-arc
  - ReactiveCocoa/no-arc (2.3)
  - ReactiveCocoa/UI (2.3):
    - ReactiveCocoa/Core
  - RSSwizzle (0.1.0)
  - SDWebImage (3.7.1):
    - SDWebImage/Core (= 3.7.1)
  - SDWebImage/Core (3.7.1)
  - Specta (0.5.0)
  - TPDWeakProxy (1.1.0)
  - TRVSDictionaryWithCaseInsensitivity (0.0.2)
  - UIAlertView+Blocks (0.8)
  - UICKeyChainStore (1.0.5)
  - UIView+BooleanAnimations (1.0.2)
  - VCRURLConnection (0.2.0)
  - XCTest+OHHTTPStubSuiteCleanUp (1.0.0):
    - OHHTTPStubs

DEPENDENCIES:
  - AFHTTPRequestOperationLogger
  - AFNetworking (from `https://github.com/orta/AFNetworking`, branch `no_ifdefs`)
  - AFOAuth1Client (from `https://github.com/orta/AFOAuth1Client`, branch `patch-1`)
  - ALPValidator
  - ARAnalytics/DSL (>= 3.6.2)
  - ARAnalytics/HockeyApp (>= 3.6.2)
  - ARAnalytics/Segmentio (>= 3.6.2)
  - ARASCIISwizzle
  - ARCollectionViewMasonryLayout
  - ARGenericTableViewController
  - ARTiledImageView (from `https://github.com/dblock/ARTiledImageView`, commit `1a31b864d1d56b1aaed0816c10bb55cf2e078bb8`)
  - Artsy+UIColors
  - Artsy+UIFonts (from `https://github.com/artsy/Artsy-UIFonts.git`, branch `old_fonts_new_lib`)
  - Artsy+UILabels
  - Artsy-UIButtons
  - CocoaLumberjack
  - DHCShakeNotifier
  - DRKonamiCode
  - Expecta
  - Expecta+Snapshots
  - FBSDKCoreKit
  - FBSDKLoginKit
  - FBSnapshotTestCase
  - FLKAutoLayout
  - FODFormKit (from `https://github.com/1aurabrown/FODFormKit.git`)
  - FXBlurView
  - InterAppCommunication
  - iRate
  - ISO8601DateFormatter (HEAD)
  - JLRoutes
  - JSDecoupledAppDelegate
  - Keys (from `Pods/CocoaPodsKeys`)
  - KSDeferred
  - libextobjc/EXTKeyPathCoding
  - Mantle
  - MMMarkdown
  - MultiDelegate
  - NAMapKit (from `https://github.com/neilang/NAMapKit`, commit `62275386978db91b0e7ed8de755d15cef3e793b4`)
  - ObjectiveSugar
  - OCMock
  - OHHTTPStubs
  - ORKeyboardReactingApplication
  - ORStackView (from `https://github.com/1aurabrown/ORStackView.git`)
  - ReactiveCocoa
  - SDWebImage
  - Specta
  - TPDWeakProxy
  - UIAlertView+Blocks
  - UICKeyChainStore
  - UIView+BooleanAnimations
  - VCRURLConnection
  - XCTest+OHHTTPStubSuiteCleanUp

EXTERNAL SOURCES:
  AFNetworking:
    :branch: no_ifdefs
    :git: https://github.com/orta/AFNetworking
  AFOAuth1Client:
    :branch: patch-1
    :git: https://github.com/orta/AFOAuth1Client
  ARTiledImageView:
    :commit: 1a31b864d1d56b1aaed0816c10bb55cf2e078bb8
    :git: https://github.com/dblock/ARTiledImageView
  Artsy+UIFonts:
    :branch: old_fonts_new_lib
    :git: https://github.com/artsy/Artsy-UIFonts.git
  FODFormKit:
    :git: https://github.com/1aurabrown/FODFormKit.git
  Keys:
    :path: Pods/CocoaPodsKeys
  NAMapKit:
    :commit: 62275386978db91b0e7ed8de755d15cef3e793b4
    :git: https://github.com/neilang/NAMapKit
  ORStackView:
    :git: https://github.com/1aurabrown/ORStackView.git

CHECKOUT OPTIONS:
  AFNetworking:
    :commit: cc4b73ce61b74d366ff4dd706deedccd5b1755f0
    :git: https://github.com/orta/AFNetworking
  AFOAuth1Client:
    :commit: c6eb04f4f8b943d074d9adf91cba6213a09647bb
    :git: https://github.com/orta/AFOAuth1Client
  ARTiledImageView:
    :commit: 1a31b864d1d56b1aaed0816c10bb55cf2e078bb8
    :git: https://github.com/dblock/ARTiledImageView
  Artsy+UIFonts:
    :commit: 39f47deebf947aa4c07727fdf2b69e2feff17428
    :git: https://github.com/artsy/Artsy-UIFonts.git
  FODFormKit:
    :commit: 4607940c98a3200fbc0414577b74f511c9a5774d
    :git: https://github.com/1aurabrown/FODFormKit.git
  NAMapKit:
    :commit: 62275386978db91b0e7ed8de755d15cef3e793b4
    :git: https://github.com/neilang/NAMapKit
  ORStackView:
    :commit: 80bfeb0a4176e307a8b94b1662104e64cc8bb50c
    :git: https://github.com/1aurabrown/ORStackView.git

SPEC CHECKSUMS:
  AFHTTPRequestOperationLogger: 251332cf89812162df96843ca51a76107fb95a94
  AFNetworking: cf8e418e16f0c9c7e5c3150d019a3c679d015018
  AFOAuth1Client: 51d32174520b54d7e15a8b3dd618a9a5b87a6344
  ALPValidator: c74ea0d49bbbff0f8a4228f1eb6589b992255cfe
  Analytics: b8cc04af04e4751109730fa852fa1b86341f50e4
  ARAnalytics: 697797d915d0afadf27f79563b262557cbe3d378
  ARASCIISwizzle: 4800c50a918bdc06f6304020e348ef8c15c554ee
  ARCollectionViewMasonryLayout: 776730bdedd0c7570a5e904c370e4e120f98ea62
  ARGenericTableViewController: 61a0897ba66c35111b5d1cc3b44884282bd3c1a5
  ARTiledImageView: 000af4093f9bdcd0f754e6ebd964c90641389f90
  Artsy+UIColors: d1d5e084a0e542d310c507acb5446bae6a322241
  Artsy+UIFonts: 108bfe625c45008ebb15c4c62003882dd345c4b8
  Artsy+UILabels: a7c713069e3d10144a3dc8e377bef8b2253cd766
  Artsy-UIButtons: 6f67de2a5285f18acb5d0e2919d1b17188acbc27
  Bolts: d176cb1e0012175589e389a9db49b85e27787576
  CocoaLumberjack: a6f77d987d65dc7ba86b0f84db7d0b9084f77bcb
  DHCShakeNotifier: 64048427ecaa763f2472d0032f58bf7a10074eee
  DRKonamiCode: 94439de24e8264b4f553c775f055e964675af4b6
  EDColor: 89d19a013279a5604d61650721c15f20fefaaf00
  Expecta: 32604574add2c46a36f8d2f716b6c5736eb75024
  Expecta+Snapshots: ca15bfb57e7a0f78f86c7699c2c54ffacfa4ad2a
  FBSDKCoreKit: 84b3616a361801f190e43a9909caead7bb6087c7
  FBSDKLoginKit: 57e37106af12c9e264e473dcb75d7decdbb07fe4
  FBSnapshotTestCase: 3dc3899168747a0319c5278f5b3445c13a6532dd
  FLKAutoLayout: 95b12c5cd9652100235140b68652f063f7437851
  FODFormKit: c3feff74feb08c54ce2d4a27d67f2e089f0b231d
  FXBlurView: 5121730176fd52bcf7bffd0bd8c1485e8aabc3cb
  HockeySDK-Source: d620f330b23691017c141de6e25e5cdc8c67848c
  InterAppCommunication: 3239945b30e9dc5f91ef8be057fbcae4e3398e5c
  iRate: 18fd2d3bd7d2ab01dcd801098cc2f5cbe9f25ffb
  ISO8601DateFormatter: ab926648eebe497f4d167c0fd083992f959f1274
  JLRoutes: 5a6096ec514f105fc906f9334c90d8276fe13687
  JSDecoupledAppDelegate: ec2e9480b893fa27ba3db5b12d51a6d5803c550b
  Keys: 7d2ff6ff42f6903358267ce56e9392f83c31acfe
  KSDeferred: e72d005162986b2978e1e2eee17fbce1c6876cfe
  libextobjc: f2802d4262f6885570df9799747409ceb1de602c
  Mantle: 7dddb082367d3e13bd244636d56838481c4552fe
  MMMarkdown: 44f1c5216cfcd70bc0e076b0f91876d6323a73b8
  MultiDelegate: d224a4af1c098e1de280c3eaee2f16ebf8b046f4
  NAMapKit: 4f57bea305c1795d2d6b8a6d6b31c59b1a08114f
  ObjectiveSugar: a6a25f23d657c19df0a0b972466d5b5ca9f5295c
  OCMock: a6a7dc0e3997fb9f35d99f72528698ebf60d64f2
  OHHTTPStubs: c93230597bc5c8b74bcfdb403cc8773515b8b08c
  ORKeyboardReactingApplication: 05af5ead40af968d5423d54b6a0dc050858b0e82
  ORStackView: 5df6b1b990b0648d8ef6f69f89361ea8648e8f64
  ReactiveCocoa: fbe689fe218063b7bbed41032912c9ca4fdbe172
  RSSwizzle: d561958f595028bfcef98c7d55c318b3878a61c6
  SDWebImage: ed3095af2ff88b436426037444979b917f6c5575
  Specta: eb90708ed77569bbda089f8ead10bb99b8e9489e
  TPDWeakProxy: 2ee6754e401aad6a67cc1d59c9fedddae7815abf
  TRVSDictionaryWithCaseInsensitivity: 51d2ccf52c6d645d27b63467a98fa02c556e01b0
  UIAlertView+Blocks: 6b408d63507287b22c6e631a2b25ca26f96fb609
  UICKeyChainStore: e81dc3b58d56ffaed61ab6669eb97071e53fc377
  UIView+BooleanAnimations: a760be9a066036e55f298b7b7350a6cb14cfcd97
  VCRURLConnection: accd771ebd4be11183a3e4d5a4403f180a9a235e
  XCTest+OHHTTPStubSuiteCleanUp: 4469ec8863c6bc022c5089a9b94233eb3416c5ee

COCOAPODS: 0.38.0.beta.1
