<?xml version="1.0" encoding="UTF-8"?>
<Scheme
   LastUpgradeVersion = "1010"
   version = "1.3">
   <BuildAction
      parallelizeBuildables = "YES"
      buildImplicitDependencies = "YES">
      <BuildActionEntries>
         <BuildActionEntry
            buildForTesting = "YES"
            buildForRunning = "YES"
            buildForProfiling = "YES"
            buildForArchiving = "YES"
            buildForAnalyzing = "YES">
            <BuildableReference
               BuildableIdentifier = "primary"
               BlueprintIdentifier = "49BA7DFE1655ABE600C06572"
               BuildableName = "Artsy.app"
               BlueprintName = "Artsy"
               ReferencedContainer = "container:Artsy.xcodeproj">
            </BuildableReference>
         </BuildActionEntry>
         <BuildActionEntry
            buildForTesting = "NO"
            buildForRunning = "NO"
            buildForProfiling = "NO"
            buildForArchiving = "YES"
            buildForAnalyzing = "NO">
            <BuildableReference
               BuildableIdentifier = "primary"
               BlueprintIdentifier = "606C64A91E32A59400FD13E3"
               BuildableName = "Artsy Stickers.appex"
               BlueprintName = "Artsy Stickers"
               ReferencedContainer = "container:Artsy.xcodeproj">
            </BuildableReference>
         </BuildActionEntry>
      </BuildActionEntries>
   </BuildAction>
   <TestAction
      buildConfiguration = "Debug"
      selectedDebuggerIdentifier = "Xcode.DebuggerFoundation.Debugger.LLDB"
      selectedLauncherIdentifier = "Xcode.DebuggerFoundation.Launcher.LLDB"
      shouldUseLaunchSchemeArgsEnv = "NO">
      <Testables>
         <TestableReference
            skipped = "NO">
            <BuildableReference
               BuildableIdentifier = "primary"
               BlueprintIdentifier = "B3ECE8251819D1E6009F5C5B"
               BuildableName = "Artsy Tests.xctest"
               BlueprintName = "Artsy Tests"
               ReferencedContainer = "container:Artsy.xcodeproj">
            </BuildableReference>
            <SkippedTests>
               <Test
                  Identifier = "ARFavoritesViewControllerSpec/with_artists">
               </Test>
               <Test
                  Identifier = "ARFavoritesViewControllerSpec/with_no_artists">
               </Test>
            </SkippedTests>
         </TestableReference>
         <TestableReference
            skipped = "YES">
            <BuildableReference
               BuildableIdentifier = "primary"
               BlueprintIdentifier = "1C40C19B1DF8B1B7003F454F"
               BuildableName = "ArtsyRecordedTests.xctest"
               BlueprintName = "ArtsyRecordedTests"
               ReferencedContainer = "container:Artsy.xcodeproj">
            </BuildableReference>
         </TestableReference>
      </Testables>
      <MacroExpansion>
         <BuildableReference
            BuildableIdentifier = "primary"
            BlueprintIdentifier = "49BA7DFE1655ABE600C06572"
            BuildableName = "Artsy.app"
            BlueprintName = "Artsy"
            ReferencedContainer = "container:Artsy.xcodeproj">
         </BuildableReference>
      </MacroExpansion>
      <CommandLineArguments>
         <CommandLineArgument
            argument = "-_UIConstraintBasedLayoutLogUnsatisfiable NO"
            isEnabled = "YES">
         </CommandLineArgument>
      </CommandLineArguments>
      <EnvironmentVariables>
         <EnvironmentVariable
            key = "TZ"
            value = "Europe/London"
            isEnabled = "YES">
         </EnvironmentVariable>
      </EnvironmentVariables>
      <AdditionalOptions>
      </AdditionalOptions>
   </TestAction>
   <LaunchAction
      buildConfiguration = "Debug"
      selectedDebuggerIdentifier = "Xcode.DebuggerFoundation.Debugger.LLDB"
      selectedLauncherIdentifier = "Xcode.DebuggerFoundation.Launcher.LLDB"
      launchStyle = "0"
      useCustomWorkingDirectory = "NO"
      ignoresPersistentStateOnLaunch = "NO"
      debugDocumentVersioning = "YES"
      debugServiceExtension = "internal"
      allowLocationSimulation = "YES">
      <BuildableProductRunnable
         runnableDebuggingMode = "0">
         <BuildableReference
            BuildableIdentifier = "primary"
            BlueprintIdentifier = "49BA7DFE1655ABE600C06572"
            BuildableName = "Artsy.app"
            BlueprintName = "Artsy"
            ReferencedContainer = "container:Artsy.xcodeproj">
         </BuildableReference>
      </BuildableProductRunnable>
      <CommandLineArguments>
         <CommandLineArgument
            argument = "-_UIConstraintBasedLayoutLogUnsatisfiable NO"
            isEnabled = "NO">
         </CommandLineArgument>
      </CommandLineArguments>
      <EnvironmentVariables>
         <EnvironmentVariable
            key = "ARAutoLayoutDebuggingEnabled"
            value = "1"
            isEnabled = "NO">
         </EnvironmentVariable>
         <EnvironmentVariable
            key = "OS_ACTIVITY_MODE"
            value = "disable"
            isEnabled = "NO">
         </EnvironmentVariable>
         <EnvironmentVariable
            key = "DYLD_PRINT_STATISTICS"
            value = "1"
            isEnabled = "NO">
         </EnvironmentVariable>
      </EnvironmentVariables>
      <AdditionalOptions>
      </AdditionalOptions>
   </LaunchAction>
   <ProfileAction
      buildConfiguration = "Debug"
      shouldUseLaunchSchemeArgsEnv = "YES"
      savedToolIdentifier = ""
      useCustomWorkingDirectory = "NO"
      debugDocumentVersioning = "YES">
      <BuildableProductRunnable
         runnableDebuggingMode = "0">
         <BuildableReference
            BuildableIdentifier = "primary"
            BlueprintIdentifier = "49BA7DFE1655ABE600C06572"
            BuildableName = "Artsy.app"
            BlueprintName = "Artsy"
            ReferencedContainer = "container:Artsy.xcodeproj">
         </BuildableReference>
      </BuildableProductRunnable>
   </ProfileAction>
   <AnalyzeAction
      buildConfiguration = "Debug">
   </AnalyzeAction>
   <ArchiveAction
      buildConfiguration = "Store"
      revealArchiveInOrganizer = "YES">
   </ArchiveAction>
</Scheme>
